// !$*UTF8*$!
{
	archiveVersion = 1;
	classes = {
	};
	objectVersion = 46;
	objects = {

/* Begin PBXBuildFile section */
		32005DD2DD4BE82AFAA88C85 /* libextThree20JSON+YAJL.a in Frameworks */ = {isa = PBXBuildFile; fileRef = 32005DD2DD4BE82AFAA88C84 /* libextThree20JSON+YAJL.a */; };
		3201088596B4756681693705 /* libThree20UICommon.a in Frameworks */ = {isa = PBXBuildFile; fileRef = 3201088596B4756681693704 /* libThree20UICommon.a */; };
		320A2827FEC940B25BC42C65 /* libThree20Core.a in Frameworks */ = {isa = PBXBuildFile; fileRef = 320A2827FEC940B25BC42C64 /* libThree20Core.a */; };
		320A5A189C235877202780D5 /* libThree20Network.a in Frameworks */ = {isa = PBXBuildFile; fileRef = 320A5A189C235877202780D4 /* libThree20Network.a */; };
		320A737074758E53BA54BE95 /* libThree20UINavigator.a in Frameworks */ = {isa = PBXBuildFile; fileRef = 320A737074758E53BA54BE94 /* libThree20UINavigator.a */; };
		320AF8492C47A4D819F7C451 /* QuartzCore.framework in Frameworks */ = {isa = PBXBuildFile; fileRef = 320AF8492C47A4D819F7C450 /* QuartzCore.framework */; };
		320B6C86F11D9990244A9731 /* Three20.bundle in Resources */ = {isa = PBXBuildFile; fileRef = 320B6C86F11D9990244A9730 /* Three20.bundle */; };
		320CC833B8AF0ACFD35E6225 /* libThree20Style.a in Frameworks */ = {isa = PBXBuildFile; fileRef = 320CC833B8AF0ACFD35E6224 /* libThree20Style.a */; };
		320D7DCCE32703ACAB9A45E5 /* libThree20.a in Frameworks */ = {isa = PBXBuildFile; fileRef = 320D7DCCE32703ACAB9A45E4 /* libThree20.a */; };
		320F2C48872C2E2C4DF86205 /* libThree20UI.a in Frameworks */ = {isa = PBXBuildFile; fileRef = 320F2C48872C2E2C4DF86204 /* libThree20UI.a */; };
		930FA902148BDF8E00758ABF /* WebViewController.m in Sources */ = {isa = PBXBuildFile; fileRef = 930FA900148BDF8E00758ABF /* WebViewController.m */; };
		930FA903148BDF8E00758ABF /* WebView.xib in Resources */ = {isa = PBXBuildFile; fileRef = 930FA901148BDF8E00758ABF /* WebView.xib */; };
		930FA906148BEDF000758ABF /* SWRegisterController.m in Sources */ = {isa = PBXBuildFile; fileRef = 930FA905148BEDF000758ABF /* SWRegisterController.m */; };
		9334EC53143BE9AD00EFB67D /* PRPToggleButton.m in Sources */ = {isa = PBXBuildFile; fileRef = 9334EC52143BE9AD00EFB67D /* PRPToggleButton.m */; };
		9334EC5B143BE9D800EFB67D /* star-active.png in Resources */ = {isa = PBXBuildFile; fileRef = 9334EC55143BE9D800EFB67D /* star-active.png */; };
		9334EC5C143BE9D800EFB67D /* star-active@2x.png in Resources */ = {isa = PBXBuildFile; fileRef = 9334EC56143BE9D800EFB67D /* star-active@2x.png */; };
		9334EC5D143BE9D800EFB67D /* star-inactive.png in Resources */ = {isa = PBXBuildFile; fileRef = 9334EC57143BE9D800EFB67D /* star-inactive.png */; };
		9334EC5E143BE9D800EFB67D /* star-inactive@2x.png in Resources */ = {isa = PBXBuildFile; fileRef = 9334EC58143BE9D800EFB67D /* star-inactive@2x.png */; };
		9334EC5F143BE9D800EFB67D /* star-pressed.png in Resources */ = {isa = PBXBuildFile; fileRef = 9334EC59143BE9D800EFB67D /* star-pressed.png */; };
		9334EC60143BE9D800EFB67D /* star-pressed@2x.png in Resources */ = {isa = PBXBuildFile; fileRef = 9334EC5A143BE9D800EFB67D /* star-pressed@2x.png */; };
		93722A82149466860080EF71 /* Icon-72.png in Resources */ = {isa = PBXBuildFile; fileRef = 93722A7C149466860080EF71 /* Icon-72.png */; };
		93722A83149466860080EF71 /* Icon-Small-50.png in Resources */ = {isa = PBXBuildFile; fileRef = 93722A7D149466860080EF71 /* Icon-Small-50.png */; };
		93722A84149466860080EF71 /* Icon-Small.png in Resources */ = {isa = PBXBuildFile; fileRef = 93722A7E149466860080EF71 /* Icon-Small.png */; };
		93722A85149466860080EF71 /* Icon-Small@2x.png in Resources */ = {isa = PBXBuildFile; fileRef = 93722A7F149466860080EF71 /* Icon-Small@2x.png */; };
		93722A86149466860080EF71 /* Icon.png in Resources */ = {isa = PBXBuildFile; fileRef = 93722A80149466860080EF71 /* Icon.png */; };
		93722A87149466860080EF71 /* Icon@2x.png in Resources */ = {isa = PBXBuildFile; fileRef = 93722A81149466860080EF71 /* Icon@2x.png */; };
		93773B001495164100300935 /* SWRegisterHelper.m in Sources */ = {isa = PBXBuildFile; fileRef = 93773AFF1495164100300935 /* SWRegisterHelper.m */; };
		93773B08149520F500300935 /* PRPAlertView.m in Sources */ = {isa = PBXBuildFile; fileRef = 93773B07149520F500300935 /* PRPAlertView.m */; };
		937F78B214170422003E1BCD /* SWNewPostController.m in Sources */ = {isa = PBXBuildFile; fileRef = 937F78B114170422003E1BCD /* SWNewPostController.m */; };
		93835A251406D4E800E04592 /* UIKit.framework in Frameworks */ = {isa = PBXBuildFile; fileRef = 93835A241406D4E800E04592 /* UIKit.framework */; };
		93835A271406D4E800E04592 /* Foundation.framework in Frameworks */ = {isa = PBXBuildFile; fileRef = 93835A261406D4E800E04592 /* Foundation.framework */; };
		93835A291406D4E800E04592 /* CoreGraphics.framework in Frameworks */ = {isa = PBXBuildFile; fileRef = 93835A281406D4E800E04592 /* CoreGraphics.framework */; };
		93835A2F1406D4E800E04592 /* InfoPlist.strings in Resources */ = {isa = PBXBuildFile; fileRef = 93835A2D1406D4E800E04592 /* InfoPlist.strings */; };
		93835A321406D4E800E04592 /* main.m in Sources */ = {isa = PBXBuildFile; fileRef = 93835A311406D4E800E04592 /* main.m */; };
		93835A351406D4E800E04592 /* StarWorldAppDelegate.m in Sources */ = {isa = PBXBuildFile; fileRef = 93835A341406D4E800E04592 /* StarWorldAppDelegate.m */; };
		93835A381406D4E800E04592 /* MainWindow.xib in Resources */ = {isa = PBXBuildFile; fileRef = 93835A361406D4E800E04592 /* MainWindow.xib */; };
		93835A3F1406D4E800E04592 /* UIKit.framework in Frameworks */ = {isa = PBXBuildFile; fileRef = 93835A241406D4E800E04592 /* UIKit.framework */; };
		93835A401406D4E800E04592 /* Foundation.framework in Frameworks */ = {isa = PBXBuildFile; fileRef = 93835A261406D4E800E04592 /* Foundation.framework */; };
		93835A411406D4E800E04592 /* CoreGraphics.framework in Frameworks */ = {isa = PBXBuildFile; fileRef = 93835A281406D4E800E04592 /* CoreGraphics.framework */; };
		93835A491406D4E800E04592 /* InfoPlist.strings in Resources */ = {isa = PBXBuildFile; fileRef = 93835A471406D4E800E04592 /* InfoPlist.strings */; };
		93835A4C1406D4E800E04592 /* StarWorldTests.h in Resources */ = {isa = PBXBuildFile; fileRef = 93835A4B1406D4E800E04592 /* StarWorldTests.h */; };
		93835A4E1406D4E800E04592 /* StarWorldTests.m in Sources */ = {isa = PBXBuildFile; fileRef = 93835A4D1406D4E800E04592 /* StarWorldTests.m */; };
		938ECFB6148A7B8F009E85B5 /* SWSettingsController.m in Sources */ = {isa = PBXBuildFile; fileRef = 938ECFB5148A7B8F009E85B5 /* SWSettingsController.m */; };
		938ECFCA148A94CB009E85B5 /* PRPWebViewController.m in Sources */ = {isa = PBXBuildFile; fileRef = 938ECFC9148A94CB009E85B5 /* PRPWebViewController.m */; };
		9390EE6A141BC2B700B700C0 /* SWLoginViewController.m in Sources */ = {isa = PBXBuildFile; fileRef = 9390EE68141BC2B700B700C0 /* SWLoginViewController.m */; };
		9390EE6B141BC2B700B700C0 /* SWLoginViewController.xib in Resources */ = {isa = PBXBuildFile; fileRef = 9390EE69141BC2B700B700C0 /* SWLoginViewController.xib */; };
		9390EEED141E698200B700C0 /* NSString+PRPURLAdditions.m in Sources */ = {isa = PBXBuildFile; fileRef = 9390EEEA141E698200B700C0 /* NSString+PRPURLAdditions.m */; };
		9390EEEE141E698200B700C0 /* PRPFormEncodedPOSTRequest.m in Sources */ = {isa = PBXBuildFile; fileRef = 9390EEEC141E698200B700C0 /* PRPFormEncodedPOSTRequest.m */; };
		9390EEF9141EC46D00B700C0 /* SWCurrentUser.m in Sources */ = {isa = PBXBuildFile; fileRef = 9390EEF8141EC46C00B700C0 /* SWCurrentUser.m */; };
		9390EF03141FF3C300B700C0 /* CoreLocation.framework in Frameworks */ = {isa = PBXBuildFile; fileRef = 9390EF02141FF3C300B700C0 /* CoreLocation.framework */; };
		9390EF06141FF4FD00B700C0 /* SWLocationController.m in Sources */ = {isa = PBXBuildFile; fileRef = 9390EF05141FF4FC00B700C0 /* SWLocationController.m */; };
		93A3DD431440F19800178C0F /* PRPSplashScreenViewController.m in Sources */ = {isa = PBXBuildFile; fileRef = 93A3DD421440F19800178C0F /* PRPSplashScreenViewController.m */; };
		93A3DD451440F79300178C0F /* purple.png in Resources */ = {isa = PBXBuildFile; fileRef = 93A3DD441440F79300178C0F /* purple.png */; };
		93A3DD4D1440F82100178C0F /* BottomStripMask.png in Resources */ = {isa = PBXBuildFile; fileRef = 93A3DD471440F82100178C0F /* BottomStripMask.png */; };
		93A3DD4E1440F82100178C0F /* TopStripMask.png in Resources */ = {isa = PBXBuildFile; fileRef = 93A3DD481440F82100178C0F /* TopStripMask.png */; };
		93A3DD4F1440F82100178C0F /* RightStripMask.png in Resources */ = {isa = PBXBuildFile; fileRef = 93A3DD491440F82100178C0F /* RightStripMask.png */; };
		93A3DD501440F82100178C0F /* leftStripMask.png in Resources */ = {isa = PBXBuildFile; fileRef = 93A3DD4A1440F82100178C0F /* leftStripMask.png */; };
		93A3DD511440F82100178C0F /* mask.png in Resources */ = {isa = PBXBuildFile; fileRef = 93A3DD4B1440F82100178C0F /* mask.png */; };
		93A3DD521440F82100178C0F /* wideMask.png in Resources */ = {isa = PBXBuildFile; fileRef = 93A3DD4C1440F82100178C0F /* wideMask.png */; };
		93AA474E1437DCE5001FFBF8 /* sw-tiny@2x.png in Resources */ = {isa = PBXBuildFile; fileRef = 93AA474C1437DCE5001FFBF8 /* sw-tiny@2x.png */; };
		93AA474F1437DCE5001FFBF8 /* sw-tiny.png in Resources */ = {isa = PBXBuildFile; fileRef = 93AA474D1437DCE5001FFBF8 /* sw-tiny.png */; };
		93B24BCC1476083000574835 /* SWLoginController.m in Sources */ = {isa = PBXBuildFile; fileRef = 93B24BCB1476083000574835 /* SWLoginController.m */; };
		93B4EC081443BE0F009169C0 /* star-mask.png in Resources */ = {isa = PBXBuildFile; fileRef = 93B4EC071443BE0F009169C0 /* star-mask.png */; };
		93CE88841406DB340077628C /* SWFeedModel.m in Sources */ = {isa = PBXBuildFile; fileRef = 93CE887F1406DB340077628C /* SWFeedModel.m */; };
		93CE88851406DB340077628C /* SWPost.m in Sources */ = {isa = PBXBuildFile; fileRef = 93CE88811406DB340077628C /* SWPost.m */; };
		93CE88861406DB340077628C /* SWFeedDataSource.m in Sources */ = {isa = PBXBuildFile; fileRef = 93CE88831406DB340077628C /* SWFeedDataSource.m */; };
		93CE888B1406E0320077628C /* SWFeedListController.m in Sources */ = {isa = PBXBuildFile; fileRef = 93CE888A1406E0320077628C /* SWFeedListController.m */; };
		93CFA7EB143EAEAF009F9B1D /* cell-bg.png in Resources */ = {isa = PBXBuildFile; fileRef = 93CFA7E9143EAEAF009F9B1D /* cell-bg.png */; };
		93CFA7EC143EAEAF009F9B1D /* cell-bg@2x.png in Resources */ = {isa = PBXBuildFile; fileRef = 93CFA7EA143EAEAF009F9B1D /* cell-bg@2x.png */; };
		93D2708F1422A1BF0089DDF2 /* SWUnitConverter.m in Sources */ = {isa = PBXBuildFile; fileRef = 93D2708E1422A1BE0089DDF2 /* SWUnitConverter.m */; };
		93D4F568143A329800201165 /* Default.png in Resources */ = {isa = PBXBuildFile; fileRef = 93D4F567143A329800201165 /* Default.png */; };
		93D4F56A143A329B00201165 /* Default@2x.png in Resources */ = {isa = PBXBuildFile; fileRef = 93D4F569143A329B00201165 /* Default@2x.png */; };
		93D9352D1438C42F0096D782 /* 19-gear.png in Resources */ = {isa = PBXBuildFile; fileRef = 93D9352C1438C42F0096D782 /* 19-gear.png */; };
		93D9352F1438C5EF0096D782 /* Gear@2x.png in Resources */ = {isa = PBXBuildFile; fileRef = 93D9352E1438C5EF0096D782 /* Gear@2x.png */; };
		93D935331438C6CC0096D782 /* Gear.png in Resources */ = {isa = PBXBuildFile; fileRef = 93D935321438C6CC0096D782 /* Gear.png */; };
		93D935371438C7D30096D782 /* SWPostTableItem.m in Sources */ = {isa = PBXBuildFile; fileRef = 93D935361438C7D30096D782 /* SWPostTableItem.m */; };
		93D9353A1438C80A0096D782 /* SWPostTableCell.m in Sources */ = {isa = PBXBuildFile; fileRef = 93D935391438C80A0096D782 /* SWPostTableCell.m */; };
		93E0044714902CD900218C99 /* UIBarButtonItem+SWAdditions.m in Sources */ = {isa = PBXBuildFile; fileRef = 93E0044614902CD900218C99 /* UIBarButtonItem+SWAdditions.m */; };
		93E0044A14903DD100218C99 /* MyGear.png in Resources */ = {isa = PBXBuildFile; fileRef = 93E0044814903DD100218C99 /* MyGear.png */; };
		93E0044B14903DD100218C99 /* MyGear@2x.png in Resources */ = {isa = PBXBuildFile; fileRef = 93E0044914903DD100218C99 /* MyGear@2x.png */; };
		93E2E1DB146B4B60009CA86B /* SWStarPostTableCell.m in Sources */ = {isa = PBXBuildFile; fileRef = 93E2E1DA146B4B60009CA86B /* SWStarPostTableCell.m */; };
		93E2E1DD146B67C1009CA86B /* blank.png in Resources */ = {isa = PBXBuildFile; fileRef = 93E2E1DC146B67C1009CA86B /* blank.png */; };
		93E2E1E2146B6A99009CA86B /* star-inactive-clear.png in Resources */ = {isa = PBXBuildFile; fileRef = 93E2E1DE146B6A99009CA86B /* star-inactive-clear.png */; };
		93E2E1E3146B6A99009CA86B /* star-active-clear.png in Resources */ = {isa = PBXBuildFile; fileRef = 93E2E1DF146B6A99009CA86B /* star-active-clear.png */; };
		93E2E1E4146B6A99009CA86B /* star-inactive-clear@2x.png in Resources */ = {isa = PBXBuildFile; fileRef = 93E2E1E0146B6A99009CA86B /* star-inactive-clear@2x.png */; };
		93E2E1E5146B6A99009CA86B /* star-active-clear@2x.png in Resources */ = {isa = PBXBuildFile; fileRef = 93E2E1E1146B6A99009CA86B /* star-active-clear@2x.png */; };
		93E73B781468C9F700C4CDFF /* SWTabBarController.m in Sources */ = {isa = PBXBuildFile; fileRef = 93E73B771468C9F700C4CDFF /* SWTabBarController.m */; };
		93E73B7B1469E61800C4CDFF /* SWStarListController.m in Sources */ = {isa = PBXBuildFile; fileRef = 93E73B7A1469E61800C4CDFF /* SWStarListController.m */; };
/* End PBXBuildFile section */

/* Begin PBXContainerItemProxy section */
		32005DD2DD4BE82AFAA88C82 /* PBXContainerItemProxy */ = {
			isa = PBXContainerItemProxy;
			containerPortal = 32005DD2DD4BE82AFAA88C80 /* extThree20JSON.xcodeproj */;
			proxyType = 1;
			remoteGlobalIDString = 6E645BA31187751200F08CB1;
			remoteInfo = extThree20JSON;
		};
		32005DD2DD4BE82AFAA88C86 /* PBXContainerItemProxy */ = {
			isa = PBXContainerItemProxy;
			containerPortal = 32005DD2DD4BE82AFAA88C80 /* extThree20JSON.xcodeproj */;
			proxyType = 2;
			remoteGlobalIDString = 6E645BD91187751200F08CB1;
			remoteInfo = extThree20JSON;
		};
		3201088596B4756681693702 /* PBXContainerItemProxy */ = {
			isa = PBXContainerItemProxy;
			containerPortal = 3201088596B4756681693700 /* Three20UICommon.xcodeproj */;
			proxyType = 1;
			remoteGlobalIDString = BEF31F390F352DF5000DE5D2;
			remoteInfo = Three20UICommon;
		};
		3201088596B4756681693706 /* PBXContainerItemProxy */ = {
			isa = PBXContainerItemProxy;
			containerPortal = 3201088596B4756681693700 /* Three20UICommon.xcodeproj */;
			proxyType = 2;
			remoteGlobalIDString = BEF31F3A0F352DF5000DE5D2;
			remoteInfo = Three20UICommon;
		};
		320A2827FEC940B25BC42C62 /* PBXContainerItemProxy */ = {
			isa = PBXContainerItemProxy;
			containerPortal = 320A2827FEC940B25BC42C60 /* Three20Core.xcodeproj */;
			proxyType = 1;
			remoteGlobalIDString = BEF31F390F352DF5000DE5D2;
			remoteInfo = Three20Core;
		};
		320A2827FEC940B25BC42C66 /* PBXContainerItemProxy */ = {
			isa = PBXContainerItemProxy;
			containerPortal = 320A2827FEC940B25BC42C60 /* Three20Core.xcodeproj */;
			proxyType = 2;
			remoteGlobalIDString = BEF31F3A0F352DF5000DE5D2;
			remoteInfo = Three20Core;
		};
		320A5A189C235877202780D2 /* PBXContainerItemProxy */ = {
			isa = PBXContainerItemProxy;
			containerPortal = 320A5A189C235877202780D0 /* Three20Network.xcodeproj */;
			proxyType = 1;
			remoteGlobalIDString = BEF31F390F352DF5000DE5D2;
			remoteInfo = Three20Network;
		};
		320A5A189C235877202780D6 /* PBXContainerItemProxy */ = {
			isa = PBXContainerItemProxy;
			containerPortal = 320A5A189C235877202780D0 /* Three20Network.xcodeproj */;
			proxyType = 2;
			remoteGlobalIDString = BEF31F3A0F352DF5000DE5D2;
			remoteInfo = Three20Network;
		};
		320A737074758E53BA54BE92 /* PBXContainerItemProxy */ = {
			isa = PBXContainerItemProxy;
			containerPortal = 320A737074758E53BA54BE90 /* Three20UINavigator.xcodeproj */;
			proxyType = 1;
			remoteGlobalIDString = BEF31F390F352DF5000DE5D2;
			remoteInfo = Three20UINavigator;
		};
		320A737074758E53BA54BE96 /* PBXContainerItemProxy */ = {
			isa = PBXContainerItemProxy;
			containerPortal = 320A737074758E53BA54BE90 /* Three20UINavigator.xcodeproj */;
			proxyType = 2;
			remoteGlobalIDString = BEF31F3A0F352DF5000DE5D2;
			remoteInfo = Three20UINavigator;
		};
		320CC833B8AF0ACFD35E6222 /* PBXContainerItemProxy */ = {
			isa = PBXContainerItemProxy;
			containerPortal = 320CC833B8AF0ACFD35E6220 /* Three20Style.xcodeproj */;
			proxyType = 1;
			remoteGlobalIDString = BEF31F390F352DF5000DE5D2;
			remoteInfo = Three20Style;
		};
		320CC833B8AF0ACFD35E6226 /* PBXContainerItemProxy */ = {
			isa = PBXContainerItemProxy;
			containerPortal = 320CC833B8AF0ACFD35E6220 /* Three20Style.xcodeproj */;
			proxyType = 2;
			remoteGlobalIDString = BEF31F3A0F352DF5000DE5D2;
			remoteInfo = Three20Style;
		};
		320D7DCCE32703ACAB9A45E2 /* PBXContainerItemProxy */ = {
			isa = PBXContainerItemProxy;
			containerPortal = 320D7DCCE32703ACAB9A45E0 /* Three20.xcodeproj */;
			proxyType = 1;
			remoteGlobalIDString = BEF31F390F352DF5000DE5D2;
			remoteInfo = Three20;
		};
		320D7DCCE32703ACAB9A45E6 /* PBXContainerItemProxy */ = {
			isa = PBXContainerItemProxy;
			containerPortal = 320D7DCCE32703ACAB9A45E0 /* Three20.xcodeproj */;
			proxyType = 2;
			remoteGlobalIDString = BEF31F3A0F352DF5000DE5D2;
			remoteInfo = Three20;
		};
		320F2C48872C2E2C4DF86202 /* PBXContainerItemProxy */ = {
			isa = PBXContainerItemProxy;
			containerPortal = 320F2C48872C2E2C4DF86200 /* Three20UI.xcodeproj */;
			proxyType = 1;
			remoteGlobalIDString = BEF31F390F352DF5000DE5D2;
			remoteInfo = Three20UI;
		};
		320F2C48872C2E2C4DF86206 /* PBXContainerItemProxy */ = {
			isa = PBXContainerItemProxy;
			containerPortal = 320F2C48872C2E2C4DF86200 /* Three20UI.xcodeproj */;
			proxyType = 2;
			remoteGlobalIDString = BEF31F3A0F352DF5000DE5D2;
			remoteInfo = Three20UI;
		};
		93835A421406D4E800E04592 /* PBXContainerItemProxy */ = {
			isa = PBXContainerItemProxy;
			containerPortal = 93835A171406D4E700E04592 /* Project object */;
			proxyType = 1;
			remoteGlobalIDString = 93835A1F1406D4E700E04592;
			remoteInfo = StarWorld;
		};
		9387B5581443848700F5F57A /* PBXContainerItemProxy */ = {
			isa = PBXContainerItemProxy;
			containerPortal = 32005DD2DD4BE82AFAA88C80 /* extThree20JSON.xcodeproj */;
			proxyType = 2;
			remoteGlobalIDString = BEF31F3A0F352DF5000DE5D2;
			remoteInfo = "extThree20JSON+SBJSON";
		};
		9387B55A1443848700F5F57A /* PBXContainerItemProxy */ = {
			isa = PBXContainerItemProxy;
			containerPortal = 32005DD2DD4BE82AFAA88C80 /* extThree20JSON.xcodeproj */;
			proxyType = 2;
			remoteGlobalIDString = EB9E6C6210B6A8F800DE563C;
			remoteInfo = "extThree20JSONUnitTests+SBJSON";
		};
		9387B55D1443848700F5F57A /* PBXContainerItemProxy */ = {
			isa = PBXContainerItemProxy;
			containerPortal = 320D7DCCE32703ACAB9A45E0 /* Three20.xcodeproj */;
			proxyType = 2;
			remoteGlobalIDString = EB9E6C6210B6A8F800DE563C;
			remoteInfo = Three20UnitTests;
		};
		9387B5601443848700F5F57A /* PBXContainerItemProxy */ = {
			isa = PBXContainerItemProxy;
			containerPortal = 320A2827FEC940B25BC42C60 /* Three20Core.xcodeproj */;
			proxyType = 2;
			remoteGlobalIDString = EB9E6C6210B6A8F800DE563C;
			remoteInfo = Three20CoreUnitTests;
		};
		9387B5631443848700F5F57A /* PBXContainerItemProxy */ = {
			isa = PBXContainerItemProxy;
			containerPortal = 320A5A189C235877202780D0 /* Three20Network.xcodeproj */;
			proxyType = 2;
			remoteGlobalIDString = EB9E6C6210B6A8F800DE563C;
			remoteInfo = Three20NetworkUnitTests;
		};
		9387B5661443848700F5F57A /* PBXContainerItemProxy */ = {
			isa = PBXContainerItemProxy;
			containerPortal = 320CC833B8AF0ACFD35E6220 /* Three20Style.xcodeproj */;
			proxyType = 2;
			remoteGlobalIDString = EB9E6C6210B6A8F800DE563C;
			remoteInfo = Three20StyleUnitTests;
		};
		9387B5691443848800F5F57A /* PBXContainerItemProxy */ = {
			isa = PBXContainerItemProxy;
			containerPortal = 320F2C48872C2E2C4DF86200 /* Three20UI.xcodeproj */;
			proxyType = 2;
			remoteGlobalIDString = EB9E6C6210B6A8F800DE563C;
			remoteInfo = Three20UIUnitTests;
		};
		9387B56C1443848800F5F57A /* PBXContainerItemProxy */ = {
			isa = PBXContainerItemProxy;
			containerPortal = 3201088596B4756681693700 /* Three20UICommon.xcodeproj */;
			proxyType = 2;
			remoteGlobalIDString = EB9E6C6210B6A8F800DE563C;
			remoteInfo = Three20UICommonUnitTests;
		};
		9387B56F1443848800F5F57A /* PBXContainerItemProxy */ = {
			isa = PBXContainerItemProxy;
			containerPortal = 320A737074758E53BA54BE90 /* Three20UINavigator.xcodeproj */;
			proxyType = 2;
			remoteGlobalIDString = EB9E6C6210B6A8F800DE563C;
			remoteInfo = Three20UINavigatorUnitTests;
		};
/* End PBXContainerItemProxy section */

/* Begin PBXFileReference section */
		32005DD2DD4BE82AFAA88C80 /* extThree20JSON.xcodeproj */ = {isa = PBXFileReference; lastKnownFileType = "wrapper.pb-project"; name = extThree20JSON.xcodeproj; path = ../three20/src/extThree20JSON/extThree20JSON.xcodeproj; sourceTree = SOURCE_ROOT; };
		3201088596B4756681693700 /* Three20UICommon.xcodeproj */ = {isa = PBXFileReference; lastKnownFileType = "wrapper.pb-project"; name = Three20UICommon.xcodeproj; path = ../three20/src/Three20UICommon/Three20UICommon.xcodeproj; sourceTree = SOURCE_ROOT; };
		320A2827FEC940B25BC42C60 /* Three20Core.xcodeproj */ = {isa = PBXFileReference; lastKnownFileType = "wrapper.pb-project"; name = Three20Core.xcodeproj; path = ../three20/src/Three20Core/Three20Core.xcodeproj; sourceTree = SOURCE_ROOT; };
		320A5A189C235877202780D0 /* Three20Network.xcodeproj */ = {isa = PBXFileReference; lastKnownFileType = "wrapper.pb-project"; name = Three20Network.xcodeproj; path = ../three20/src/Three20Network/Three20Network.xcodeproj; sourceTree = SOURCE_ROOT; };
		320A737074758E53BA54BE90 /* Three20UINavigator.xcodeproj */ = {isa = PBXFileReference; lastKnownFileType = "wrapper.pb-project"; name = Three20UINavigator.xcodeproj; path = ../three20/src/Three20UINavigator/Three20UINavigator.xcodeproj; sourceTree = SOURCE_ROOT; };
		320AF8492C47A4D819F7C450 /* QuartzCore.framework */ = {isa = PBXFileReference; lastKnownFileType = wrapper.framework; name = QuartzCore.framework; path = System/Library/Frameworks/QuartzCore.framework; sourceTree = SDKROOT; };
		320B6C86F11D9990244A9730 /* Three20.bundle */ = {isa = PBXFileReference; lastKnownFileType = "wrapper.plug-in"; name = Three20.bundle; path = ../three20/src/Three20.bundle; sourceTree = SOURCE_ROOT; };
		320CC833B8AF0ACFD35E6220 /* Three20Style.xcodeproj */ = {isa = PBXFileReference; lastKnownFileType = "wrapper.pb-project"; name = Three20Style.xcodeproj; path = ../three20/src/Three20Style/Three20Style.xcodeproj; sourceTree = SOURCE_ROOT; };
		320D7DCCE32703ACAB9A45E0 /* Three20.xcodeproj */ = {isa = PBXFileReference; lastKnownFileType = "wrapper.pb-project"; name = Three20.xcodeproj; path = ../three20/src/Three20/Three20.xcodeproj; sourceTree = SOURCE_ROOT; };
		320F2C48872C2E2C4DF86200 /* Three20UI.xcodeproj */ = {isa = PBXFileReference; lastKnownFileType = "wrapper.pb-project"; name = Three20UI.xcodeproj; path = ../three20/src/Three20UI/Three20UI.xcodeproj; sourceTree = SOURCE_ROOT; };
		930FA8FF148BDF8E00758ABF /* WebViewController.h */ = {isa = PBXFileReference; fileEncoding = 4; lastKnownFileType = sourcecode.c.h; path = WebViewController.h; sourceTree = "<group>"; };
		930FA900148BDF8E00758ABF /* WebViewController.m */ = {isa = PBXFileReference; fileEncoding = 4; lastKnownFileType = sourcecode.c.objc; path = WebViewController.m; sourceTree = "<group>"; };
		930FA901148BDF8E00758ABF /* WebView.xib */ = {isa = PBXFileReference; fileEncoding = 4; lastKnownFileType = file.xib; path = WebView.xib; sourceTree = "<group>"; };
		930FA904148BEDF000758ABF /* SWRegisterController.h */ = {isa = PBXFileReference; fileEncoding = 4; lastKnownFileType = sourcecode.c.h; path = SWRegisterController.h; sourceTree = "<group>"; };
		930FA905148BEDF000758ABF /* SWRegisterController.m */ = {isa = PBXFileReference; fileEncoding = 4; lastKnownFileType = sourcecode.c.objc; path = SWRegisterController.m; sourceTree = "<group>"; };
		9334EC51143BE9AD00EFB67D /* PRPToggleButton.h */ = {isa = PBXFileReference; fileEncoding = 4; lastKnownFileType = sourcecode.c.h; path = PRPToggleButton.h; sourceTree = "<group>"; };
		9334EC52143BE9AD00EFB67D /* PRPToggleButton.m */ = {isa = PBXFileReference; fileEncoding = 4; lastKnownFileType = sourcecode.c.objc; path = PRPToggleButton.m; sourceTree = "<group>"; };
		9334EC55143BE9D800EFB67D /* star-active.png */ = {isa = PBXFileReference; lastKnownFileType = image.png; path = "star-active.png"; sourceTree = "<group>"; };
		9334EC56143BE9D800EFB67D /* star-active@2x.png */ = {isa = PBXFileReference; lastKnownFileType = image.png; path = "star-active@2x.png"; sourceTree = "<group>"; };
		9334EC57143BE9D800EFB67D /* star-inactive.png */ = {isa = PBXFileReference; lastKnownFileType = image.png; path = "star-inactive.png"; sourceTree = "<group>"; };
		9334EC58143BE9D800EFB67D /* star-inactive@2x.png */ = {isa = PBXFileReference; lastKnownFileType = image.png; path = "star-inactive@2x.png"; sourceTree = "<group>"; };
		9334EC59143BE9D800EFB67D /* star-pressed.png */ = {isa = PBXFileReference; lastKnownFileType = image.png; path = "star-pressed.png"; sourceTree = "<group>"; };
		9334EC5A143BE9D800EFB67D /* star-pressed@2x.png */ = {isa = PBXFileReference; lastKnownFileType = image.png; path = "star-pressed@2x.png"; sourceTree = "<group>"; };
		93722A7C149466860080EF71 /* Icon-72.png */ = {isa = PBXFileReference; lastKnownFileType = image.png; path = "Icon-72.png"; sourceTree = "<group>"; };
		93722A7D149466860080EF71 /* Icon-Small-50.png */ = {isa = PBXFileReference; lastKnownFileType = image.png; path = "Icon-Small-50.png"; sourceTree = "<group>"; };
		93722A7E149466860080EF71 /* Icon-Small.png */ = {isa = PBXFileReference; lastKnownFileType = image.png; path = "Icon-Small.png"; sourceTree = "<group>"; };
		93722A7F149466860080EF71 /* Icon-Small@2x.png */ = {isa = PBXFileReference; lastKnownFileType = image.png; path = "Icon-Small@2x.png"; sourceTree = "<group>"; };
		93722A80149466860080EF71 /* Icon.png */ = {isa = PBXFileReference; lastKnownFileType = image.png; path = Icon.png; sourceTree = "<group>"; };
		93722A81149466860080EF71 /* Icon@2x.png */ = {isa = PBXFileReference; lastKnownFileType = image.png; path = "Icon@2x.png"; sourceTree = "<group>"; };
		93773AFE1495164100300935 /* SWRegisterHelper.h */ = {isa = PBXFileReference; fileEncoding = 4; lastKnownFileType = sourcecode.c.h; path = SWRegisterHelper.h; sourceTree = "<group>"; };
		93773AFF1495164100300935 /* SWRegisterHelper.m */ = {isa = PBXFileReference; fileEncoding = 4; lastKnownFileType = sourcecode.c.objc; path = SWRegisterHelper.m; sourceTree = "<group>"; };
		93773B06149520F500300935 /* PRPAlertView.h */ = {isa = PBXFileReference; fileEncoding = 4; lastKnownFileType = sourcecode.c.h; path = PRPAlertView.h; sourceTree = "<group>"; };
		93773B07149520F500300935 /* PRPAlertView.m */ = {isa = PBXFileReference; fileEncoding = 4; lastKnownFileType = sourcecode.c.objc; path = PRPAlertView.m; sourceTree = "<group>"; };
		937F78B014170422003E1BCD /* SWNewPostController.h */ = {isa = PBXFileReference; fileEncoding = 4; lastKnownFileType = sourcecode.c.h; path = SWNewPostController.h; sourceTree = "<group>"; };
		937F78B114170422003E1BCD /* SWNewPostController.m */ = {isa = PBXFileReference; fileEncoding = 4; lastKnownFileType = sourcecode.c.objc; path = SWNewPostController.m; sourceTree = "<group>"; };
		93835A201406D4E700E04592 /* StarWorld.app */ = {isa = PBXFileReference; explicitFileType = wrapper.application; includeInIndex = 0; path = StarWorld.app; sourceTree = BUILT_PRODUCTS_DIR; };
		93835A241406D4E800E04592 /* UIKit.framework */ = {isa = PBXFileReference; lastKnownFileType = wrapper.framework; name = UIKit.framework; path = System/Library/Frameworks/UIKit.framework; sourceTree = SDKROOT; };
		93835A261406D4E800E04592 /* Foundation.framework */ = {isa = PBXFileReference; lastKnownFileType = wrapper.framework; name = Foundation.framework; path = System/Library/Frameworks/Foundation.framework; sourceTree = SDKROOT; };
		93835A281406D4E800E04592 /* CoreGraphics.framework */ = {isa = PBXFileReference; lastKnownFileType = wrapper.framework; name = CoreGraphics.framework; path = System/Library/Frameworks/CoreGraphics.framework; sourceTree = SDKROOT; };
		93835A2C1406D4E800E04592 /* StarWorld-Info.plist */ = {isa = PBXFileReference; lastKnownFileType = text.plist.xml; path = "StarWorld-Info.plist"; sourceTree = "<group>"; };
		93835A2E1406D4E800E04592 /* en */ = {isa = PBXFileReference; lastKnownFileType = text.plist.strings; name = en; path = en.lproj/InfoPlist.strings; sourceTree = "<group>"; };
		93835A301406D4E800E04592 /* StarWorld-Prefix.pch */ = {isa = PBXFileReference; lastKnownFileType = sourcecode.c.h; path = "StarWorld-Prefix.pch"; sourceTree = "<group>"; };
		93835A311406D4E800E04592 /* main.m */ = {isa = PBXFileReference; lastKnownFileType = sourcecode.c.objc; path = main.m; sourceTree = "<group>"; };
		93835A331406D4E800E04592 /* StarWorldAppDelegate.h */ = {isa = PBXFileReference; lastKnownFileType = sourcecode.c.h; path = StarWorldAppDelegate.h; sourceTree = "<group>"; };
		93835A341406D4E800E04592 /* StarWorldAppDelegate.m */ = {isa = PBXFileReference; lastKnownFileType = sourcecode.c.objc; path = StarWorldAppDelegate.m; sourceTree = "<group>"; };
		93835A371406D4E800E04592 /* en */ = {isa = PBXFileReference; lastKnownFileType = file.xib; name = en; path = en.lproj/MainWindow.xib; sourceTree = "<group>"; };
		93835A3E1406D4E800E04592 /* StarWorldTests.octest */ = {isa = PBXFileReference; explicitFileType = wrapper.cfbundle; includeInIndex = 0; path = StarWorldTests.octest; sourceTree = BUILT_PRODUCTS_DIR; };
		93835A461406D4E800E04592 /* StarWorldTests-Info.plist */ = {isa = PBXFileReference; lastKnownFileType = text.plist.xml; path = "StarWorldTests-Info.plist"; sourceTree = "<group>"; };
		93835A481406D4E800E04592 /* en */ = {isa = PBXFileReference; lastKnownFileType = text.plist.strings; name = en; path = en.lproj/InfoPlist.strings; sourceTree = "<group>"; };
		93835A4A1406D4E800E04592 /* StarWorldTests-Prefix.pch */ = {isa = PBXFileReference; lastKnownFileType = sourcecode.c.h; path = "StarWorldTests-Prefix.pch"; sourceTree = "<group>"; };
		93835A4B1406D4E800E04592 /* StarWorldTests.h */ = {isa = PBXFileReference; lastKnownFileType = sourcecode.c.h; path = StarWorldTests.h; sourceTree = "<group>"; };
		93835A4D1406D4E800E04592 /* StarWorldTests.m */ = {isa = PBXFileReference; lastKnownFileType = sourcecode.c.objc; path = StarWorldTests.m; sourceTree = "<group>"; };
		938ECFB4148A7B8F009E85B5 /* SWSettingsController.h */ = {isa = PBXFileReference; fileEncoding = 4; lastKnownFileType = sourcecode.c.h; path = SWSettingsController.h; sourceTree = "<group>"; };
		938ECFB5148A7B8F009E85B5 /* SWSettingsController.m */ = {isa = PBXFileReference; fileEncoding = 4; lastKnownFileType = sourcecode.c.objc; path = SWSettingsController.m; sourceTree = "<group>"; };
		938ECFC7148A94CB009E85B5 /* PRPWebViewControllerDelegate.h */ = {isa = PBXFileReference; fileEncoding = 4; lastKnownFileType = sourcecode.c.h; path = PRPWebViewControllerDelegate.h; sourceTree = "<group>"; };
		938ECFC8148A94CB009E85B5 /* PRPWebViewController.h */ = {isa = PBXFileReference; fileEncoding = 4; lastKnownFileType = sourcecode.c.h; path = PRPWebViewController.h; sourceTree = "<group>"; };
		938ECFC9148A94CB009E85B5 /* PRPWebViewController.m */ = {isa = PBXFileReference; fileEncoding = 4; lastKnownFileType = sourcecode.c.objc; path = PRPWebViewController.m; sourceTree = "<group>"; };
		9390EE67141BC2B700B700C0 /* SWLoginViewController.h */ = {isa = PBXFileReference; fileEncoding = 4; lastKnownFileType = sourcecode.c.h; path = SWLoginViewController.h; sourceTree = "<group>"; };
		9390EE68141BC2B700B700C0 /* SWLoginViewController.m */ = {isa = PBXFileReference; fileEncoding = 4; lastKnownFileType = sourcecode.c.objc; path = SWLoginViewController.m; sourceTree = "<group>"; };
		9390EE69141BC2B700B700C0 /* SWLoginViewController.xib */ = {isa = PBXFileReference; fileEncoding = 4; lastKnownFileType = file.xib; path = SWLoginViewController.xib; sourceTree = "<group>"; };
		9390EEE9141E698200B700C0 /* NSString+PRPURLAdditions.h */ = {isa = PBXFileReference; fileEncoding = 4; lastKnownFileType = sourcecode.c.h; path = "NSString+PRPURLAdditions.h"; sourceTree = "<group>"; };
		9390EEEA141E698200B700C0 /* NSString+PRPURLAdditions.m */ = {isa = PBXFileReference; fileEncoding = 4; lastKnownFileType = sourcecode.c.objc; path = "NSString+PRPURLAdditions.m"; sourceTree = "<group>"; };
		9390EEEB141E698200B700C0 /* PRPFormEncodedPOSTRequest.h */ = {isa = PBXFileReference; fileEncoding = 4; lastKnownFileType = sourcecode.c.h; path = PRPFormEncodedPOSTRequest.h; sourceTree = "<group>"; };
		9390EEEC141E698200B700C0 /* PRPFormEncodedPOSTRequest.m */ = {isa = PBXFileReference; fileEncoding = 4; lastKnownFileType = sourcecode.c.objc; path = PRPFormEncodedPOSTRequest.m; sourceTree = "<group>"; };
		9390EEF7141EC46B00B700C0 /* SWCurrentUser.h */ = {isa = PBXFileReference; fileEncoding = 4; lastKnownFileType = sourcecode.c.h; path = SWCurrentUser.h; sourceTree = "<group>"; };
		9390EEF8141EC46C00B700C0 /* SWCurrentUser.m */ = {isa = PBXFileReference; fileEncoding = 4; lastKnownFileType = sourcecode.c.objc; path = SWCurrentUser.m; sourceTree = "<group>"; };
		9390EF02141FF3C300B700C0 /* CoreLocation.framework */ = {isa = PBXFileReference; lastKnownFileType = wrapper.framework; name = CoreLocation.framework; path = System/Library/Frameworks/CoreLocation.framework; sourceTree = SDKROOT; };
		9390EF04141FF4FC00B700C0 /* SWLocationController.h */ = {isa = PBXFileReference; fileEncoding = 4; lastKnownFileType = sourcecode.c.h; path = SWLocationController.h; sourceTree = "<group>"; };
		9390EF05141FF4FC00B700C0 /* SWLocationController.m */ = {isa = PBXFileReference; fileEncoding = 4; lastKnownFileType = sourcecode.c.objc; path = SWLocationController.m; sourceTree = "<group>"; };
		93A3DD411440F19800178C0F /* PRPSplashScreenViewController.h */ = {isa = PBXFileReference; fileEncoding = 4; lastKnownFileType = sourcecode.c.h; path = PRPSplashScreenViewController.h; sourceTree = "<group>"; };
		93A3DD421440F19800178C0F /* PRPSplashScreenViewController.m */ = {isa = PBXFileReference; fileEncoding = 4; lastKnownFileType = sourcecode.c.objc; path = PRPSplashScreenViewController.m; sourceTree = "<group>"; };
		93A3DD441440F79300178C0F /* purple.png */ = {isa = PBXFileReference; lastKnownFileType = image.png; path = purple.png; sourceTree = "<group>"; };
		93A3DD471440F82100178C0F /* BottomStripMask.png */ = {isa = PBXFileReference; lastKnownFileType = image.png; path = BottomStripMask.png; sourceTree = "<group>"; };
		93A3DD481440F82100178C0F /* TopStripMask.png */ = {isa = PBXFileReference; lastKnownFileType = image.png; path = TopStripMask.png; sourceTree = "<group>"; };
		93A3DD491440F82100178C0F /* RightStripMask.png */ = {isa = PBXFileReference; lastKnownFileType = image.png; path = RightStripMask.png; sourceTree = "<group>"; };
		93A3DD4A1440F82100178C0F /* leftStripMask.png */ = {isa = PBXFileReference; lastKnownFileType = image.png; path = leftStripMask.png; sourceTree = "<group>"; };
		93A3DD4B1440F82100178C0F /* mask.png */ = {isa = PBXFileReference; lastKnownFileType = image.png; path = mask.png; sourceTree = "<group>"; };
		93A3DD4C1440F82100178C0F /* wideMask.png */ = {isa = PBXFileReference; lastKnownFileType = image.png; path = wideMask.png; sourceTree = "<group>"; };
		93AA474C1437DCE5001FFBF8 /* sw-tiny@2x.png */ = {isa = PBXFileReference; lastKnownFileType = image.png; path = "sw-tiny@2x.png"; sourceTree = "<group>"; };
		93AA474D1437DCE5001FFBF8 /* sw-tiny.png */ = {isa = PBXFileReference; lastKnownFileType = image.png; path = "sw-tiny.png"; sourceTree = "<group>"; };
		93B24BCA1476083000574835 /* SWLoginController.h */ = {isa = PBXFileReference; fileEncoding = 4; lastKnownFileType = sourcecode.c.h; path = SWLoginController.h; sourceTree = "<group>"; };
		93B24BCB1476083000574835 /* SWLoginController.m */ = {isa = PBXFileReference; fileEncoding = 4; lastKnownFileType = sourcecode.c.objc; path = SWLoginController.m; sourceTree = "<group>"; };
		93B4EC071443BE0F009169C0 /* star-mask.png */ = {isa = PBXFileReference; lastKnownFileType = image.png; path = "star-mask.png"; sourceTree = "<group>"; };
		93CE887E1406DB340077628C /* SWFeedModel.h */ = {isa = PBXFileReference; fileEncoding = 4; lastKnownFileType = sourcecode.c.h; path = SWFeedModel.h; sourceTree = "<group>"; };
		93CE887F1406DB340077628C /* SWFeedModel.m */ = {isa = PBXFileReference; fileEncoding = 4; lastKnownFileType = sourcecode.c.objc; path = SWFeedModel.m; sourceTree = "<group>"; };
		93CE88801406DB340077628C /* SWPost.h */ = {isa = PBXFileReference; fileEncoding = 4; lastKnownFileType = sourcecode.c.h; path = SWPost.h; sourceTree = "<group>"; };
		93CE88811406DB340077628C /* SWPost.m */ = {isa = PBXFileReference; fileEncoding = 4; lastKnownFileType = sourcecode.c.objc; path = SWPost.m; sourceTree = "<group>"; };
		93CE88821406DB340077628C /* SWFeedDataSource.h */ = {isa = PBXFileReference; fileEncoding = 4; lastKnownFileType = sourcecode.c.h; path = SWFeedDataSource.h; sourceTree = "<group>"; };
		93CE88831406DB340077628C /* SWFeedDataSource.m */ = {isa = PBXFileReference; fileEncoding = 4; lastKnownFileType = sourcecode.c.objc; path = SWFeedDataSource.m; sourceTree = "<group>"; xcLanguageSpecificationIdentifier = xcode.lang.objc; };
		93CE88891406E0320077628C /* SWFeedListController.h */ = {isa = PBXFileReference; fileEncoding = 4; lastKnownFileType = sourcecode.c.h; path = SWFeedListController.h; sourceTree = "<group>"; };
		93CE888A1406E0320077628C /* SWFeedListController.m */ = {isa = PBXFileReference; fileEncoding = 4; lastKnownFileType = sourcecode.c.objc; path = SWFeedListController.m; sourceTree = "<group>"; };
		93CFA7E9143EAEAF009F9B1D /* cell-bg.png */ = {isa = PBXFileReference; lastKnownFileType = image.png; path = "cell-bg.png"; sourceTree = "<group>"; };
		93CFA7EA143EAEAF009F9B1D /* cell-bg@2x.png */ = {isa = PBXFileReference; lastKnownFileType = image.png; path = "cell-bg@2x.png"; sourceTree = "<group>"; };
		93D2708D1422A1BD0089DDF2 /* SWUnitConverter.h */ = {isa = PBXFileReference; fileEncoding = 4; lastKnownFileType = sourcecode.c.h; path = SWUnitConverter.h; sourceTree = "<group>"; };
		93D2708E1422A1BE0089DDF2 /* SWUnitConverter.m */ = {isa = PBXFileReference; fileEncoding = 4; lastKnownFileType = sourcecode.c.objc; path = SWUnitConverter.m; sourceTree = "<group>"; };
		93D4F567143A329800201165 /* Default.png */ = {isa = PBXFileReference; lastKnownFileType = image.png; path = Default.png; sourceTree = "<group>"; };
		93D4F569143A329B00201165 /* Default@2x.png */ = {isa = PBXFileReference; lastKnownFileType = image.png; path = "Default@2x.png"; sourceTree = "<group>"; };
		93D9352C1438C42F0096D782 /* 19-gear.png */ = {isa = PBXFileReference; lastKnownFileType = image.png; path = "19-gear.png"; sourceTree = "<group>"; };
		93D9352E1438C5EF0096D782 /* Gear@2x.png */ = {isa = PBXFileReference; lastKnownFileType = image.png; path = "Gear@2x.png"; sourceTree = "<group>"; };
		93D935321438C6CC0096D782 /* Gear.png */ = {isa = PBXFileReference; lastKnownFileType = image.png; path = Gear.png; sourceTree = "<group>"; };
		93D935351438C7D30096D782 /* SWPostTableItem.h */ = {isa = PBXFileReference; fileEncoding = 4; lastKnownFileType = sourcecode.c.h; path = SWPostTableItem.h; sourceTree = "<group>"; };
		93D935361438C7D30096D782 /* SWPostTableItem.m */ = {isa = PBXFileReference; fileEncoding = 4; lastKnownFileType = sourcecode.c.objc; path = SWPostTableItem.m; sourceTree = "<group>"; };
		93D935381438C80A0096D782 /* SWPostTableCell.h */ = {isa = PBXFileReference; fileEncoding = 4; lastKnownFileType = sourcecode.c.h; path = SWPostTableCell.h; sourceTree = "<group>"; };
		93D935391438C80A0096D782 /* SWPostTableCell.m */ = {isa = PBXFileReference; fileEncoding = 4; lastKnownFileType = sourcecode.c.objc; path = SWPostTableCell.m; sourceTree = "<group>"; };
		93E0044514902CD900218C99 /* UIBarButtonItem+SWAdditions.h */ = {isa = PBXFileReference; fileEncoding = 4; lastKnownFileType = sourcecode.c.h; path = "UIBarButtonItem+SWAdditions.h"; sourceTree = "<group>"; };
		93E0044614902CD900218C99 /* UIBarButtonItem+SWAdditions.m */ = {isa = PBXFileReference; fileEncoding = 4; lastKnownFileType = sourcecode.c.objc; path = "UIBarButtonItem+SWAdditions.m"; sourceTree = "<group>"; };
		93E0044814903DD100218C99 /* MyGear.png */ = {isa = PBXFileReference; lastKnownFileType = image.png; path = MyGear.png; sourceTree = "<group>"; };
		93E0044914903DD100218C99 /* MyGear@2x.png */ = {isa = PBXFileReference; lastKnownFileType = image.png; path = "MyGear@2x.png"; sourceTree = "<group>"; };
		93E2E1D9146B4B60009CA86B /* SWStarPostTableCell.h */ = {isa = PBXFileReference; fileEncoding = 4; lastKnownFileType = sourcecode.c.h; path = SWStarPostTableCell.h; sourceTree = "<group>"; };
		93E2E1DA146B4B60009CA86B /* SWStarPostTableCell.m */ = {isa = PBXFileReference; fileEncoding = 4; lastKnownFileType = sourcecode.c.objc; path = SWStarPostTableCell.m; sourceTree = "<group>"; };
		93E2E1DC146B67C1009CA86B /* blank.png */ = {isa = PBXFileReference; lastKnownFileType = image.png; path = blank.png; sourceTree = "<group>"; };
		93E2E1DE146B6A99009CA86B /* star-inactive-clear.png */ = {isa = PBXFileReference; lastKnownFileType = image.png; path = "star-inactive-clear.png"; sourceTree = "<group>"; };
		93E2E1DF146B6A99009CA86B /* star-active-clear.png */ = {isa = PBXFileReference; lastKnownFileType = image.png; path = "star-active-clear.png"; sourceTree = "<group>"; };
		93E2E1E0146B6A99009CA86B /* star-inactive-clear@2x.png */ = {isa = PBXFileReference; lastKnownFileType = image.png; path = "star-inactive-clear@2x.png"; sourceTree = "<group>"; };
		93E2E1E1146B6A99009CA86B /* star-active-clear@2x.png */ = {isa = PBXFileReference; lastKnownFileType = image.png; path = "star-active-clear@2x.png"; sourceTree = "<group>"; };
		93E73B761468C9F700C4CDFF /* SWTabBarController.h */ = {isa = PBXFileReference; fileEncoding = 4; lastKnownFileType = sourcecode.c.h; path = SWTabBarController.h; sourceTree = "<group>"; };
		93E73B771468C9F700C4CDFF /* SWTabBarController.m */ = {isa = PBXFileReference; fileEncoding = 4; lastKnownFileType = sourcecode.c.objc; path = SWTabBarController.m; sourceTree = "<group>"; };
		93E73B791469E61800C4CDFF /* SWStarListController.h */ = {isa = PBXFileReference; fileEncoding = 4; lastKnownFileType = sourcecode.c.h; path = SWStarListController.h; sourceTree = "<group>"; };
		93E73B7A1469E61800C4CDFF /* SWStarListController.m */ = {isa = PBXFileReference; fileEncoding = 4; lastKnownFileType = sourcecode.c.objc; path = SWStarListController.m; sourceTree = "<group>"; };
/* End PBXFileReference section */

/* Begin PBXFrameworksBuildPhase section */
		93835A1D1406D4E700E04592 /* Frameworks */ = {
			isa = PBXFrameworksBuildPhase;
			buildActionMask = 2147483647;
			files = (
				32005DD2DD4BE82AFAA88C85 /* libextThree20JSON+YAJL.a in Frameworks */,
				3201088596B4756681693705 /* libThree20UICommon.a in Frameworks */,
				320D7DCCE32703ACAB9A45E5 /* libThree20.a in Frameworks */,
				320A737074758E53BA54BE95 /* libThree20UINavigator.a in Frameworks */,
				320A2827FEC940B25BC42C65 /* libThree20Core.a in Frameworks */,
				320F2C48872C2E2C4DF86205 /* libThree20UI.a in Frameworks */,
				320A5A189C235877202780D5 /* libThree20Network.a in Frameworks */,
				320CC833B8AF0ACFD35E6225 /* libThree20Style.a in Frameworks */,
				9390EF03141FF3C300B700C0 /* CoreLocation.framework in Frameworks */,
				320AF8492C47A4D819F7C451 /* QuartzCore.framework in Frameworks */,
				93835A251406D4E800E04592 /* UIKit.framework in Frameworks */,
				93835A271406D4E800E04592 /* Foundation.framework in Frameworks */,
				93835A291406D4E800E04592 /* CoreGraphics.framework in Frameworks */,
			);
			runOnlyForDeploymentPostprocessing = 0;
		};
		93835A3A1406D4E800E04592 /* Frameworks */ = {
			isa = PBXFrameworksBuildPhase;
			buildActionMask = 2147483647;
			files = (
				93835A3F1406D4E800E04592 /* UIKit.framework in Frameworks */,
				93835A401406D4E800E04592 /* Foundation.framework in Frameworks */,
				93835A411406D4E800E04592 /* CoreGraphics.framework in Frameworks */,
			);
			runOnlyForDeploymentPostprocessing = 0;
		};
/* End PBXFrameworksBuildPhase section */

/* Begin PBXGroup section */
		32005DD2DD4BE82AFAA88C83 /* Products */ = {
			isa = PBXGroup;
			children = (
				9387B5591443848700F5F57A /* libextThree20JSON+SBJSON.a */,
				32005DD2DD4BE82AFAA88C84 /* libextThree20JSON+YAJL.a */,
				9387B55B1443848700F5F57A /* extJSONUnitTests+SBJSON.octest */,
			);
			name = Products;
			sourceTree = "<group>";
		};
		3201088596B4756681693703 /* Products */ = {
			isa = PBXGroup;
			children = (
				3201088596B4756681693704 /* libThree20UICommon.a */,
				9387B56D1443848800F5F57A /* UICommonUnitTests.octest */,
			);
			name = Products;
			sourceTree = "<group>";
		};
		320A2827FEC940B25BC42C63 /* Products */ = {
			isa = PBXGroup;
			children = (
				320A2827FEC940B25BC42C64 /* libThree20Core.a */,
				9387B5611443848700F5F57A /* CoreUnitTests.octest */,
			);
			name = Products;
			sourceTree = "<group>";
		};
		320A5A189C235877202780D3 /* Products */ = {
			isa = PBXGroup;
			children = (
				320A5A189C235877202780D4 /* libThree20Network.a */,
				9387B5641443848700F5F57A /* NetworkUnitTests.octest */,
			);
			name = Products;
			sourceTree = "<group>";
		};
		320A737074758E53BA54BE93 /* Products */ = {
			isa = PBXGroup;
			children = (
				320A737074758E53BA54BE94 /* libThree20UINavigator.a */,
				9387B5701443848800F5F57A /* UINavigatorUnitTests.octest */,
			);
			name = Products;
			sourceTree = "<group>";
		};
		320CC833B8AF0ACFD35E6223 /* Products */ = {
			isa = PBXGroup;
			children = (
				320CC833B8AF0ACFD35E6224 /* libThree20Style.a */,
				9387B5671443848700F5F57A /* StyleUnitTests.octest */,
			);
			name = Products;
			sourceTree = "<group>";
		};
		320D7DCCE32703ACAB9A45E3 /* Products */ = {
			isa = PBXGroup;
			children = (
				320D7DCCE32703ACAB9A45E4 /* libThree20.a */,
				9387B55E1443848700F5F57A /* Three20UnitTests.octest */,
			);
			name = Products;
			sourceTree = "<group>";
		};
		320F2C48872C2E2C4DF86203 /* Products */ = {
			isa = PBXGroup;
			children = (
				320F2C48872C2E2C4DF86204 /* libThree20UI.a */,
				9387B56A1443848800F5F57A /* UIUnitTests.octest */,
			);
			name = Products;
			sourceTree = "<group>";
		};
		930FA8FE148BDF7800758ABF /* Third Party Classes */ = {
			isa = PBXGroup;
			children = (
				930FA8FF148BDF8E00758ABF /* WebViewController.h */,
				930FA900148BDF8E00758ABF /* WebViewController.m */,
				930FA901148BDF8E00758ABF /* WebView.xib */,
			);
			name = "Third Party Classes";
			sourceTree = "<group>";
		};
		9334EC54143BE9C000EFB67D /* Stars */ = {
			isa = PBXGroup;
			children = (
				93E2E1DE146B6A99009CA86B /* star-inactive-clear.png */,
				93E2E1DF146B6A99009CA86B /* star-active-clear.png */,
				93E2E1E0146B6A99009CA86B /* star-inactive-clear@2x.png */,
				93E2E1E1146B6A99009CA86B /* star-active-clear@2x.png */,
				9334EC55143BE9D800EFB67D /* star-active.png */,
				9334EC56143BE9D800EFB67D /* star-active@2x.png */,
				9334EC57143BE9D800EFB67D /* star-inactive.png */,
				9334EC58143BE9D800EFB67D /* star-inactive@2x.png */,
				9334EC59143BE9D800EFB67D /* star-pressed.png */,
				9334EC5A143BE9D800EFB67D /* star-pressed@2x.png */,
			);
			name = Stars;
			sourceTree = "<group>";
		};
		93773AFD149515CC00300935 /* Login/Registration */ = {
			isa = PBXGroup;
			children = (
				93B24BCA1476083000574835 /* SWLoginController.h */,
				93B24BCB1476083000574835 /* SWLoginController.m */,
				9390EE67141BC2B700B700C0 /* SWLoginViewController.h */,
				9390EE68141BC2B700B700C0 /* SWLoginViewController.m */,
				9390EE69141BC2B700B700C0 /* SWLoginViewController.xib */,
				930FA904148BEDF000758ABF /* SWRegisterController.h */,
				930FA905148BEDF000758ABF /* SWRegisterController.m */,
				93773AFE1495164100300935 /* SWRegisterHelper.h */,
				93773AFF1495164100300935 /* SWRegisterHelper.m */,
			);
			name = Login/Registration;
			sourceTree = "<group>";
		};
		93835A151406D4E700E04592 = {
			isa = PBXGroup;
			children = (
				93E0044414902ACC00218C99 /* Helpers */,
				930FA8FE148BDF7800758ABF /* Third Party Classes */,
				9390EEE8141E697000B700C0 /* PRP Classes */,
				93DA312D1418139B006433FC /* SW Network */,
				93CE88881406E0070077628C /* ViewControllers */,
				93D935341438C7390096D782 /* SW Table Data */,
				93CE88871406DB3A0077628C /* SW Data */,
				93D2707C1422788F0089DDF2 /* Resources */,
				93CE88311406D5B70077628C /* Delete later */,
				93835A2A1406D4E800E04592 /* StarWorld */,
				93835A441406D4E800E04592 /* StarWorldTests */,
				93835A231406D4E700E04592 /* Frameworks */,
				93835A211406D4E700E04592 /* Products */,
			);
			sourceTree = "<group>";
		};
		93835A211406D4E700E04592 /* Products */ = {
			isa = PBXGroup;
			children = (
				93835A201406D4E700E04592 /* StarWorld.app */,
				93835A3E1406D4E800E04592 /* StarWorldTests.octest */,
			);
			name = Products;
			sourceTree = "<group>";
		};
		93835A231406D4E700E04592 /* Frameworks */ = {
			isa = PBXGroup;
			children = (
				32005DD2DD4BE82AFAA88C80 /* extThree20JSON.xcodeproj */,
				3201088596B4756681693700 /* Three20UICommon.xcodeproj */,
				320D7DCCE32703ACAB9A45E0 /* Three20.xcodeproj */,
				320A737074758E53BA54BE90 /* Three20UINavigator.xcodeproj */,
				320A2827FEC940B25BC42C60 /* Three20Core.xcodeproj */,
				320F2C48872C2E2C4DF86200 /* Three20UI.xcodeproj */,
				320A5A189C235877202780D0 /* Three20Network.xcodeproj */,
				320CC833B8AF0ACFD35E6220 /* Three20Style.xcodeproj */,
				9390EF02141FF3C300B700C0 /* CoreLocation.framework */,
				93835A241406D4E800E04592 /* UIKit.framework */,
				93835A261406D4E800E04592 /* Foundation.framework */,
				320AF8492C47A4D819F7C450 /* QuartzCore.framework */,
				93835A281406D4E800E04592 /* CoreGraphics.framework */,
			);
			name = Frameworks;
			sourceTree = "<group>";
		};
		93835A2A1406D4E800E04592 /* StarWorld */ = {
			isa = PBXGroup;
			children = (
				93835A331406D4E800E04592 /* StarWorldAppDelegate.h */,
				93835A341406D4E800E04592 /* StarWorldAppDelegate.m */,
				93835A361406D4E800E04592 /* MainWindow.xib */,
				93835A2B1406D4E800E04592 /* Supporting Files */,
			);
			path = StarWorld;
			sourceTree = "<group>";
		};
		93835A2B1406D4E800E04592 /* Supporting Files */ = {
			isa = PBXGroup;
			children = (
				320B6C86F11D9990244A9730 /* Three20.bundle */,
				93835A2C1406D4E800E04592 /* StarWorld-Info.plist */,
				93835A2D1406D4E800E04592 /* InfoPlist.strings */,
				93835A301406D4E800E04592 /* StarWorld-Prefix.pch */,
				93835A311406D4E800E04592 /* main.m */,
			);
			name = "Supporting Files";
			sourceTree = "<group>";
		};
		93835A441406D4E800E04592 /* StarWorldTests */ = {
			isa = PBXGroup;
			children = (
				93835A4B1406D4E800E04592 /* StarWorldTests.h */,
				93835A4D1406D4E800E04592 /* StarWorldTests.m */,
				93835A451406D4E800E04592 /* Supporting Files */,
			);
			path = StarWorldTests;
			sourceTree = "<group>";
		};
		93835A451406D4E800E04592 /* Supporting Files */ = {
			isa = PBXGroup;
			children = (
				93835A461406D4E800E04592 /* StarWorldTests-Info.plist */,
				93835A471406D4E800E04592 /* InfoPlist.strings */,
				93835A4A1406D4E800E04592 /* StarWorldTests-Prefix.pch */,
			);
			name = "Supporting Files";
			sourceTree = "<group>";
		};
		9390EEE8141E697000B700C0 /* PRP Classes */ = {
			isa = PBXGroup;
			children = (
				93773B06149520F500300935 /* PRPAlertView.h */,
				93773B07149520F500300935 /* PRPAlertView.m */,
				938ECFC7148A94CB009E85B5 /* PRPWebViewControllerDelegate.h */,
				938ECFC8148A94CB009E85B5 /* PRPWebViewController.h */,
				938ECFC9148A94CB009E85B5 /* PRPWebViewController.m */,
				93A3DD411440F19800178C0F /* PRPSplashScreenViewController.h */,
				93A3DD421440F19800178C0F /* PRPSplashScreenViewController.m */,
				9334EC51143BE9AD00EFB67D /* PRPToggleButton.h */,
				9334EC52143BE9AD00EFB67D /* PRPToggleButton.m */,
				9390EEE9141E698200B700C0 /* NSString+PRPURLAdditions.h */,
				9390EEEA141E698200B700C0 /* NSString+PRPURLAdditions.m */,
				9390EEEB141E698200B700C0 /* PRPFormEncodedPOSTRequest.h */,
				9390EEEC141E698200B700C0 /* PRPFormEncodedPOSTRequest.m */,
			);
			name = "PRP Classes";
			sourceTree = "<group>";
		};
		93A3DD461440F80E00178C0F /* masks */ = {
			isa = PBXGroup;
			children = (
				93B4EC071443BE0F009169C0 /* star-mask.png */,
				93A3DD471440F82100178C0F /* BottomStripMask.png */,
				93A3DD481440F82100178C0F /* TopStripMask.png */,
				93A3DD491440F82100178C0F /* RightStripMask.png */,
				93A3DD4B1440F82100178C0F /* mask.png */,
				93A3DD4A1440F82100178C0F /* leftStripMask.png */,
				93A3DD4C1440F82100178C0F /* wideMask.png */,
			);
			name = masks;
			sourceTree = "<group>";
		};
		93CE88311406D5B70077628C /* Delete later */ = {
			isa = PBXGroup;
			children = (
			);
			name = "Delete later";
			sourceTree = "<group>";
		};
		93CE88871406DB3A0077628C /* SW Data */ = {
			isa = PBXGroup;
			children = (
				9390EEF7141EC46B00B700C0 /* SWCurrentUser.h */,
				9390EEF8141EC46C00B700C0 /* SWCurrentUser.m */,
				93CE88801406DB340077628C /* SWPost.h */,
				93CE88811406DB340077628C /* SWPost.m */,
				9390EF04141FF4FC00B700C0 /* SWLocationController.h */,
				9390EF05141FF4FC00B700C0 /* SWLocationController.m */,
				93D2708D1422A1BD0089DDF2 /* SWUnitConverter.h */,
				93D2708E1422A1BE0089DDF2 /* SWUnitConverter.m */,
			);
			name = "SW Data";
			sourceTree = "<group>";
		};
		93CE88881406E0070077628C /* ViewControllers */ = {
			isa = PBXGroup;
			children = (
				93773AFD149515CC00300935 /* Login/Registration */,
				93E004431490287000218C99 /* Feed TableViews */,
				93E73B761468C9F700C4CDFF /* SWTabBarController.h */,
				93E73B771468C9F700C4CDFF /* SWTabBarController.m */,
				937F78B014170422003E1BCD /* SWNewPostController.h */,
				937F78B114170422003E1BCD /* SWNewPostController.m */,
				938ECFB4148A7B8F009E85B5 /* SWSettingsController.h */,
				938ECFB5148A7B8F009E85B5 /* SWSettingsController.m */,
			);
			name = ViewControllers;
			sourceTree = "<group>";
		};
		93D2707C1422788F0089DDF2 /* Resources */ = {
			isa = PBXGroup;
			children = (
				93E0045814906A6E00218C99 /* Icons */,
				93E2E1DC146B67C1009CA86B /* blank.png */,
				320B6C86F11D9990244A9730 /* Three20.bundle */,
				93A3DD461440F80E00178C0F /* masks */,
				93A3DD441440F79300178C0F /* purple.png */,
				93CFA7E9143EAEAF009F9B1D /* cell-bg.png */,
				93CFA7EA143EAEAF009F9B1D /* cell-bg@2x.png */,
				93D4F569143A329B00201165 /* Default@2x.png */,
				93D4F567143A329800201165 /* Default.png */,
				9334EC54143BE9C000EFB67D /* Stars */,
				93D935321438C6CC0096D782 /* Gear.png */,
				93D9352E1438C5EF0096D782 /* Gear@2x.png */,
				93D9352C1438C42F0096D782 /* 19-gear.png */,
				93AA474C1437DCE5001FFBF8 /* sw-tiny@2x.png */,
				93E0044814903DD100218C99 /* MyGear.png */,
				93E0044914903DD100218C99 /* MyGear@2x.png */,
				93AA474D1437DCE5001FFBF8 /* sw-tiny.png */,
			);
			name = Resources;
			sourceTree = "<group>";
		};
		93D935341438C7390096D782 /* SW Table Data */ = {
			isa = PBXGroup;
			children = (
				93D935351438C7D30096D782 /* SWPostTableItem.h */,
				93D935361438C7D30096D782 /* SWPostTableItem.m */,
				93D935381438C80A0096D782 /* SWPostTableCell.h */,
				93D935391438C80A0096D782 /* SWPostTableCell.m */,
				93E2E1D9146B4B60009CA86B /* SWStarPostTableCell.h */,
				93E2E1DA146B4B60009CA86B /* SWStarPostTableCell.m */,
				93CE887E1406DB340077628C /* SWFeedModel.h */,
				93CE887F1406DB340077628C /* SWFeedModel.m */,
				93CE88821406DB340077628C /* SWFeedDataSource.h */,
				93CE88831406DB340077628C /* SWFeedDataSource.m */,
			);
			name = "SW Table Data";
			sourceTree = "<group>";
		};
		93DA312D1418139B006433FC /* SW Network */ = {
			isa = PBXGroup;
			children = (
			);
			name = "SW Network";
			sourceTree = "<group>";
		};
		93E004431490287000218C99 /* Feed TableViews */ = {
			isa = PBXGroup;
			children = (
				93CE88891406E0320077628C /* SWFeedListController.h */,
				93CE888A1406E0320077628C /* SWFeedListController.m */,
				93E73B791469E61800C4CDFF /* SWStarListController.h */,
				93E73B7A1469E61800C4CDFF /* SWStarListController.m */,
			);
			name = "Feed TableViews";
			sourceTree = "<group>";
		};
		93E0044414902ACC00218C99 /* Helpers */ = {
			isa = PBXGroup;
			children = (
				93E0044514902CD900218C99 /* UIBarButtonItem+SWAdditions.h */,
				93E0044614902CD900218C99 /* UIBarButtonItem+SWAdditions.m */,
			);
			name = Helpers;
			sourceTree = "<group>";
		};
		93E0045814906A6E00218C99 /* Icons */ = {
			isa = PBXGroup;
			children = (
				93722A7C149466860080EF71 /* Icon-72.png */,
				93722A7D149466860080EF71 /* Icon-Small-50.png */,
				93722A7E149466860080EF71 /* Icon-Small.png */,
				93722A7F149466860080EF71 /* Icon-Small@2x.png */,
				93722A80149466860080EF71 /* Icon.png */,
				93722A81149466860080EF71 /* Icon@2x.png */,
			);
			name = Icons;
			sourceTree = "<group>";
		};
/* End PBXGroup section */

/* Begin PBXNativeTarget section */
		93835A1F1406D4E700E04592 /* StarWorld */ = {
			isa = PBXNativeTarget;
			buildConfigurationList = 93835A511406D4E800E04592 /* Build configuration list for PBXNativeTarget "StarWorld" */;
			buildPhases = (
				93835A1C1406D4E700E04592 /* Sources */,
				93835A1D1406D4E700E04592 /* Frameworks */,
				93835A1E1406D4E700E04592 /* Resources */,
			);
			buildRules = (
			);
			dependencies = (
				32005DD2DD4BE82AFAA88C81 /* PBXTargetDependency */,
				3201088596B4756681693701 /* PBXTargetDependency */,
				320D7DCCE32703ACAB9A45E1 /* PBXTargetDependency */,
				320A737074758E53BA54BE91 /* PBXTargetDependency */,
				320A2827FEC940B25BC42C61 /* PBXTargetDependency */,
				320F2C48872C2E2C4DF86201 /* PBXTargetDependency */,
				320A5A189C235877202780D1 /* PBXTargetDependency */,
				320CC833B8AF0ACFD35E6221 /* PBXTargetDependency */,
			);
			name = StarWorld;
			productName = StarWorld;
			productReference = 93835A201406D4E700E04592 /* StarWorld.app */;
			productType = "com.apple.product-type.application";
		};
		93835A3D1406D4E800E04592 /* StarWorldTests */ = {
			isa = PBXNativeTarget;
			buildConfigurationList = 93835A541406D4E800E04592 /* Build configuration list for PBXNativeTarget "StarWorldTests" */;
			buildPhases = (
				93835A391406D4E800E04592 /* Sources */,
				93835A3A1406D4E800E04592 /* Frameworks */,
				93835A3B1406D4E800E04592 /* Resources */,
				93835A3C1406D4E800E04592 /* ShellScript */,
			);
			buildRules = (
			);
			dependencies = (
				93835A431406D4E800E04592 /* PBXTargetDependency */,
			);
			name = StarWorldTests;
			productName = StarWorldTests;
			productReference = 93835A3E1406D4E800E04592 /* StarWorldTests.octest */;
			productType = "com.apple.product-type.bundle";
		};
/* End PBXNativeTarget section */

/* Begin PBXProject section */
		93835A171406D4E700E04592 /* Project object */ = {
			isa = PBXProject;
			attributes = {
				LastUpgradeCheck = 0420;
			};
			buildConfigurationList = 93835A1A1406D4E700E04592 /* Build configuration list for PBXProject "StarWorld" */;
			compatibilityVersion = "Xcode 3.2";
			developmentRegion = English;
			hasScannedForEncodings = 0;
			knownRegions = (
				en,
			);
			mainGroup = 93835A151406D4E700E04592;
			productRefGroup = 93835A211406D4E700E04592 /* Products */;
			projectDirPath = "";
			projectReferences = (
				{
					ProductGroup = 32005DD2DD4BE82AFAA88C83 /* Products */;
					ProjectRef = 32005DD2DD4BE82AFAA88C80 /* extThree20JSON.xcodeproj */;
				},
				{
					ProductGroup = 320D7DCCE32703ACAB9A45E3 /* Products */;
					ProjectRef = 320D7DCCE32703ACAB9A45E0 /* Three20.xcodeproj */;
				},
				{
					ProductGroup = 320A2827FEC940B25BC42C63 /* Products */;
					ProjectRef = 320A2827FEC940B25BC42C60 /* Three20Core.xcodeproj */;
				},
				{
					ProductGroup = 320A5A189C235877202780D3 /* Products */;
					ProjectRef = 320A5A189C235877202780D0 /* Three20Network.xcodeproj */;
				},
				{
					ProductGroup = 320CC833B8AF0ACFD35E6223 /* Products */;
					ProjectRef = 320CC833B8AF0ACFD35E6220 /* Three20Style.xcodeproj */;
				},
				{
					ProductGroup = 320F2C48872C2E2C4DF86203 /* Products */;
					ProjectRef = 320F2C48872C2E2C4DF86200 /* Three20UI.xcodeproj */;
				},
				{
					ProductGroup = 3201088596B4756681693703 /* Products */;
					ProjectRef = 3201088596B4756681693700 /* Three20UICommon.xcodeproj */;
				},
				{
					ProductGroup = 320A737074758E53BA54BE93 /* Products */;
					ProjectRef = 320A737074758E53BA54BE90 /* Three20UINavigator.xcodeproj */;
				},
			);
			projectRoot = "";
			targets = (
				93835A1F1406D4E700E04592 /* StarWorld */,
				93835A3D1406D4E800E04592 /* StarWorldTests */,
			);
		};
/* End PBXProject section */

/* Begin PBXReferenceProxy section */
		32005DD2DD4BE82AFAA88C84 /* libextThree20JSON+YAJL.a */ = {
			isa = PBXReferenceProxy;
			fileType = archive.ar;
			path = "libextThree20JSON+YAJL.a";
			remoteRef = 32005DD2DD4BE82AFAA88C86 /* PBXContainerItemProxy */;
			sourceTree = BUILT_PRODUCTS_DIR;
		};
		3201088596B4756681693704 /* libThree20UICommon.a */ = {
			isa = PBXReferenceProxy;
			fileType = archive.ar;
			path = libThree20UICommon.a;
			remoteRef = 3201088596B4756681693706 /* PBXContainerItemProxy */;
			sourceTree = BUILT_PRODUCTS_DIR;
		};
		320A2827FEC940B25BC42C64 /* libThree20Core.a */ = {
			isa = PBXReferenceProxy;
			fileType = archive.ar;
			path = libThree20Core.a;
			remoteRef = 320A2827FEC940B25BC42C66 /* PBXContainerItemProxy */;
			sourceTree = BUILT_PRODUCTS_DIR;
		};
		320A5A189C235877202780D4 /* libThree20Network.a */ = {
			isa = PBXReferenceProxy;
			fileType = archive.ar;
			path = libThree20Network.a;
			remoteRef = 320A5A189C235877202780D6 /* PBXContainerItemProxy */;
			sourceTree = BUILT_PRODUCTS_DIR;
		};
		320A737074758E53BA54BE94 /* libThree20UINavigator.a */ = {
			isa = PBXReferenceProxy;
			fileType = archive.ar;
			path = libThree20UINavigator.a;
			remoteRef = 320A737074758E53BA54BE96 /* PBXContainerItemProxy */;
			sourceTree = BUILT_PRODUCTS_DIR;
		};
		320CC833B8AF0ACFD35E6224 /* libThree20Style.a */ = {
			isa = PBXReferenceProxy;
			fileType = archive.ar;
			path = libThree20Style.a;
			remoteRef = 320CC833B8AF0ACFD35E6226 /* PBXContainerItemProxy */;
			sourceTree = BUILT_PRODUCTS_DIR;
		};
		320D7DCCE32703ACAB9A45E4 /* libThree20.a */ = {
			isa = PBXReferenceProxy;
			fileType = archive.ar;
			path = libThree20.a;
			remoteRef = 320D7DCCE32703ACAB9A45E6 /* PBXContainerItemProxy */;
			sourceTree = BUILT_PRODUCTS_DIR;
		};
		320F2C48872C2E2C4DF86204 /* libThree20UI.a */ = {
			isa = PBXReferenceProxy;
			fileType = archive.ar;
			path = libThree20UI.a;
			remoteRef = 320F2C48872C2E2C4DF86206 /* PBXContainerItemProxy */;
			sourceTree = BUILT_PRODUCTS_DIR;
		};
		9387B5591443848700F5F57A /* libextThree20JSON+SBJSON.a */ = {
			isa = PBXReferenceProxy;
			fileType = archive.ar;
			path = "libextThree20JSON+SBJSON.a";
			remoteRef = 9387B5581443848700F5F57A /* PBXContainerItemProxy */;
			sourceTree = BUILT_PRODUCTS_DIR;
		};
		9387B55B1443848700F5F57A /* extJSONUnitTests+SBJSON.octest */ = {
			isa = PBXReferenceProxy;
			fileType = wrapper.cfbundle;
			path = "extJSONUnitTests+SBJSON.octest";
			remoteRef = 9387B55A1443848700F5F57A /* PBXContainerItemProxy */;
			sourceTree = BUILT_PRODUCTS_DIR;
		};
		9387B55E1443848700F5F57A /* Three20UnitTests.octest */ = {
			isa = PBXReferenceProxy;
			fileType = wrapper.cfbundle;
			path = Three20UnitTests.octest;
			remoteRef = 9387B55D1443848700F5F57A /* PBXContainerItemProxy */;
			sourceTree = BUILT_PRODUCTS_DIR;
		};
		9387B5611443848700F5F57A /* CoreUnitTests.octest */ = {
			isa = PBXReferenceProxy;
			fileType = wrapper.cfbundle;
			path = CoreUnitTests.octest;
			remoteRef = 9387B5601443848700F5F57A /* PBXContainerItemProxy */;
			sourceTree = BUILT_PRODUCTS_DIR;
		};
		9387B5641443848700F5F57A /* NetworkUnitTests.octest */ = {
			isa = PBXReferenceProxy;
			fileType = wrapper.cfbundle;
			path = NetworkUnitTests.octest;
			remoteRef = 9387B5631443848700F5F57A /* PBXContainerItemProxy */;
			sourceTree = BUILT_PRODUCTS_DIR;
		};
		9387B5671443848700F5F57A /* StyleUnitTests.octest */ = {
			isa = PBXReferenceProxy;
			fileType = wrapper.cfbundle;
			path = StyleUnitTests.octest;
			remoteRef = 9387B5661443848700F5F57A /* PBXContainerItemProxy */;
			sourceTree = BUILT_PRODUCTS_DIR;
		};
		9387B56A1443848800F5F57A /* UIUnitTests.octest */ = {
			isa = PBXReferenceProxy;
			fileType = wrapper.cfbundle;
			path = UIUnitTests.octest;
			remoteRef = 9387B5691443848800F5F57A /* PBXContainerItemProxy */;
			sourceTree = BUILT_PRODUCTS_DIR;
		};
		9387B56D1443848800F5F57A /* UICommonUnitTests.octest */ = {
			isa = PBXReferenceProxy;
			fileType = wrapper.cfbundle;
			path = UICommonUnitTests.octest;
			remoteRef = 9387B56C1443848800F5F57A /* PBXContainerItemProxy */;
			sourceTree = BUILT_PRODUCTS_DIR;
		};
		9387B5701443848800F5F57A /* UINavigatorUnitTests.octest */ = {
			isa = PBXReferenceProxy;
			fileType = wrapper.cfbundle;
			path = UINavigatorUnitTests.octest;
			remoteRef = 9387B56F1443848800F5F57A /* PBXContainerItemProxy */;
			sourceTree = BUILT_PRODUCTS_DIR;
		};
/* End PBXReferenceProxy section */

/* Begin PBXResourcesBuildPhase section */
		93835A1E1406D4E700E04592 /* Resources */ = {
			isa = PBXResourcesBuildPhase;
			buildActionMask = 2147483647;
			files = (
				320B6C86F11D9990244A9731 /* Three20.bundle in Resources */,
				93835A2F1406D4E800E04592 /* InfoPlist.strings in Resources */,
				93835A381406D4E800E04592 /* MainWindow.xib in Resources */,
				9390EE6B141BC2B700B700C0 /* SWLoginViewController.xib in Resources */,
				93AA474E1437DCE5001FFBF8 /* sw-tiny@2x.png in Resources */,
				93AA474F1437DCE5001FFBF8 /* sw-tiny.png in Resources */,
				93D9352D1438C42F0096D782 /* 19-gear.png in Resources */,
				93D9352F1438C5EF0096D782 /* Gear@2x.png in Resources */,
				93D935331438C6CC0096D782 /* Gear.png in Resources */,
				93D4F568143A329800201165 /* Default.png in Resources */,
				93D4F56A143A329B00201165 /* Default@2x.png in Resources */,
				9334EC5B143BE9D800EFB67D /* star-active.png in Resources */,
				9334EC5C143BE9D800EFB67D /* star-active@2x.png in Resources */,
				9334EC5D143BE9D800EFB67D /* star-inactive.png in Resources */,
				9334EC5E143BE9D800EFB67D /* star-inactive@2x.png in Resources */,
				9334EC5F143BE9D800EFB67D /* star-pressed.png in Resources */,
				9334EC60143BE9D800EFB67D /* star-pressed@2x.png in Resources */,
				93CFA7EB143EAEAF009F9B1D /* cell-bg.png in Resources */,
				93CFA7EC143EAEAF009F9B1D /* cell-bg@2x.png in Resources */,
				93A3DD451440F79300178C0F /* purple.png in Resources */,
				93A3DD4D1440F82100178C0F /* BottomStripMask.png in Resources */,
				93A3DD4E1440F82100178C0F /* TopStripMask.png in Resources */,
				93A3DD4F1440F82100178C0F /* RightStripMask.png in Resources */,
				93A3DD501440F82100178C0F /* leftStripMask.png in Resources */,
				93A3DD511440F82100178C0F /* mask.png in Resources */,
				93A3DD521440F82100178C0F /* wideMask.png in Resources */,
				93B4EC081443BE0F009169C0 /* star-mask.png in Resources */,
				93E2E1DD146B67C1009CA86B /* blank.png in Resources */,
				93E2E1E2146B6A99009CA86B /* star-inactive-clear.png in Resources */,
				93E2E1E3146B6A99009CA86B /* star-active-clear.png in Resources */,
				93E2E1E4146B6A99009CA86B /* star-inactive-clear@2x.png in Resources */,
				93E2E1E5146B6A99009CA86B /* star-active-clear@2x.png in Resources */,
				930FA903148BDF8E00758ABF /* WebView.xib in Resources */,
				93E0044A14903DD100218C99 /* MyGear.png in Resources */,
				93E0044B14903DD100218C99 /* MyGear@2x.png in Resources */,
				93722A82149466860080EF71 /* Icon-72.png in Resources */,
				93722A83149466860080EF71 /* Icon-Small-50.png in Resources */,
				93722A84149466860080EF71 /* Icon-Small.png in Resources */,
				93722A85149466860080EF71 /* Icon-Small@2x.png in Resources */,
				93722A86149466860080EF71 /* Icon.png in Resources */,
				93722A87149466860080EF71 /* Icon@2x.png in Resources */,
			);
			runOnlyForDeploymentPostprocessing = 0;
		};
		93835A3B1406D4E800E04592 /* Resources */ = {
			isa = PBXResourcesBuildPhase;
			buildActionMask = 2147483647;
			files = (
				93835A491406D4E800E04592 /* InfoPlist.strings in Resources */,
				93835A4C1406D4E800E04592 /* StarWorldTests.h in Resources */,
			);
			runOnlyForDeploymentPostprocessing = 0;
		};
/* End PBXResourcesBuildPhase section */

/* Begin PBXShellScriptBuildPhase section */
		93835A3C1406D4E800E04592 /* ShellScript */ = {
			isa = PBXShellScriptBuildPhase;
			buildActionMask = 2147483647;
			files = (
			);
			inputPaths = (
			);
			outputPaths = (
			);
			runOnlyForDeploymentPostprocessing = 0;
			shellPath = /bin/sh;
			shellScript = "# Run the unit tests in this test bundle.\n\"${SYSTEM_DEVELOPER_DIR}/Tools/RunUnitTests\"\n";
		};
/* End PBXShellScriptBuildPhase section */

/* Begin PBXSourcesBuildPhase section */
		93835A1C1406D4E700E04592 /* Sources */ = {
			isa = PBXSourcesBuildPhase;
			buildActionMask = 2147483647;
			files = (
				93835A321406D4E800E04592 /* main.m in Sources */,
				93835A351406D4E800E04592 /* StarWorldAppDelegate.m in Sources */,
				93CE88841406DB340077628C /* SWFeedModel.m in Sources */,
				93CE88851406DB340077628C /* SWPost.m in Sources */,
				93CE88861406DB340077628C /* SWFeedDataSource.m in Sources */,
				93CE888B1406E0320077628C /* SWFeedListController.m in Sources */,
				937F78B214170422003E1BCD /* SWNewPostController.m in Sources */,
				9390EE6A141BC2B700B700C0 /* SWLoginViewController.m in Sources */,
				9390EEED141E698200B700C0 /* NSString+PRPURLAdditions.m in Sources */,
				9390EEEE141E698200B700C0 /* PRPFormEncodedPOSTRequest.m in Sources */,
				9390EEF9141EC46D00B700C0 /* SWCurrentUser.m in Sources */,
				9390EF06141FF4FD00B700C0 /* SWLocationController.m in Sources */,
				93D2708F1422A1BF0089DDF2 /* SWUnitConverter.m in Sources */,
				93D935371438C7D30096D782 /* SWPostTableItem.m in Sources */,
				93D9353A1438C80A0096D782 /* SWPostTableCell.m in Sources */,
				9334EC53143BE9AD00EFB67D /* PRPToggleButton.m in Sources */,
				93A3DD431440F19800178C0F /* PRPSplashScreenViewController.m in Sources */,
				93E73B781468C9F700C4CDFF /* SWTabBarController.m in Sources */,
				93E73B7B1469E61800C4CDFF /* SWStarListController.m in Sources */,
				93E2E1DB146B4B60009CA86B /* SWStarPostTableCell.m in Sources */,
				93B24BCC1476083000574835 /* SWLoginController.m in Sources */,
				938ECFB6148A7B8F009E85B5 /* SWSettingsController.m in Sources */,
				938ECFCA148A94CB009E85B5 /* PRPWebViewController.m in Sources */,
				930FA902148BDF8E00758ABF /* WebViewController.m in Sources */,
				930FA906148BEDF000758ABF /* SWRegisterController.m in Sources */,
				93E0044714902CD900218C99 /* UIBarButtonItem+SWAdditions.m in Sources */,
				93773B001495164100300935 /* SWRegisterHelper.m in Sources */,
				93773B08149520F500300935 /* PRPAlertView.m in Sources */,
			);
			runOnlyForDeploymentPostprocessing = 0;
		};
		93835A391406D4E800E04592 /* Sources */ = {
			isa = PBXSourcesBuildPhase;
			buildActionMask = 2147483647;
			files = (
				93835A4E1406D4E800E04592 /* StarWorldTests.m in Sources */,
			);
			runOnlyForDeploymentPostprocessing = 0;
		};
/* End PBXSourcesBuildPhase section */

/* Begin PBXTargetDependency section */
		32005DD2DD4BE82AFAA88C81 /* PBXTargetDependency */ = {
			isa = PBXTargetDependency;
			name = extThree20JSON;
			targetProxy = 32005DD2DD4BE82AFAA88C82 /* PBXContainerItemProxy */;
		};
		3201088596B4756681693701 /* PBXTargetDependency */ = {
			isa = PBXTargetDependency;
			name = Three20UICommon;
			targetProxy = 3201088596B4756681693702 /* PBXContainerItemProxy */;
		};
		320A2827FEC940B25BC42C61 /* PBXTargetDependency */ = {
			isa = PBXTargetDependency;
			name = Three20Core;
			targetProxy = 320A2827FEC940B25BC42C62 /* PBXContainerItemProxy */;
		};
		320A5A189C235877202780D1 /* PBXTargetDependency */ = {
			isa = PBXTargetDependency;
			name = Three20Network;
			targetProxy = 320A5A189C235877202780D2 /* PBXContainerItemProxy */;
		};
		320A737074758E53BA54BE91 /* PBXTargetDependency */ = {
			isa = PBXTargetDependency;
			name = Three20UINavigator;
			targetProxy = 320A737074758E53BA54BE92 /* PBXContainerItemProxy */;
		};
		320CC833B8AF0ACFD35E6221 /* PBXTargetDependency */ = {
			isa = PBXTargetDependency;
			name = Three20Style;
			targetProxy = 320CC833B8AF0ACFD35E6222 /* PBXContainerItemProxy */;
		};
		320D7DCCE32703ACAB9A45E1 /* PBXTargetDependency */ = {
			isa = PBXTargetDependency;
			name = Three20;
			targetProxy = 320D7DCCE32703ACAB9A45E2 /* PBXContainerItemProxy */;
		};
		320F2C48872C2E2C4DF86201 /* PBXTargetDependency */ = {
			isa = PBXTargetDependency;
			name = Three20UI;
			targetProxy = 320F2C48872C2E2C4DF86202 /* PBXContainerItemProxy */;
		};
		93835A431406D4E800E04592 /* PBXTargetDependency */ = {
			isa = PBXTargetDependency;
			target = 93835A1F1406D4E700E04592 /* StarWorld */;
			targetProxy = 93835A421406D4E800E04592 /* PBXContainerItemProxy */;
		};
/* End PBXTargetDependency section */

/* Begin PBXVariantGroup section */
		93835A2D1406D4E800E04592 /* InfoPlist.strings */ = {
			isa = PBXVariantGroup;
			children = (
				93835A2E1406D4E800E04592 /* en */,
			);
			name = InfoPlist.strings;
			sourceTree = "<group>";
		};
		93835A361406D4E800E04592 /* MainWindow.xib */ = {
			isa = PBXVariantGroup;
			children = (
				93835A371406D4E800E04592 /* en */,
			);
			name = MainWindow.xib;
			sourceTree = "<group>";
		};
		93835A471406D4E800E04592 /* InfoPlist.strings */ = {
			isa = PBXVariantGroup;
			children = (
				93835A481406D4E800E04592 /* en */,
			);
			name = InfoPlist.strings;
			sourceTree = "<group>";
		};
/* End PBXVariantGroup section */

/* Begin XCBuildConfiguration section */
		93835A4F1406D4E800E04592 /* Debug */ = {
			isa = XCBuildConfiguration;
			buildSettings = {
				ARCHS = "$(ARCHS_STANDARD_32_BIT)";
				"CODE_SIGN_IDENTITY[sdk=iphoneos*]" = "iPhone Developer: Aaron Baker (FX5V23BFBN)";
				GCC_C_LANGUAGE_STANDARD = gnu99;
				GCC_OPTIMIZATION_LEVEL = 0;
				GCC_PREPROCESSOR_DEFINITIONS = DEBUG;
				GCC_SYMBOLS_PRIVATE_EXTERN = NO;
				GCC_VERSION = "";
				GCC_WARN_ABOUT_RETURN_TYPE = YES;
				GCC_WARN_UNUSED_VARIABLE = YES;
				HEADER_SEARCH_PATHS = (
					../three20/Build/Products/three20,
					"$(BUILT_PRODUCTS_DIR)/../three20",
					"$(BUILT_PRODUCTS_DIR)/../../three20",
					"$(SOURCE_ROOT)/three20/Build/Products/three20",
				);
				IPHONEOS_DEPLOYMENT_TARGET = 4.3;
				OTHER_LDFLAGS = "-ObjC";
				"PROVISIONING_PROFILE[sdk=iphoneos*]" = "8247AC04-0A22-4EAE-A315-5815DC12F326";
				SDKROOT = iphoneos;
			};
			name = Debug;
		};
		93835A501406D4E800E04592 /* Release */ = {
			isa = XCBuildConfiguration;
			buildSettings = {
				ARCHS = "$(ARCHS_STANDARD_32_BIT)";
				"CODE_SIGN_IDENTITY[sdk=iphoneos*]" = "iPhone Developer: Aaron Baker (FX5V23BFBN)";
				GCC_C_LANGUAGE_STANDARD = gnu99;
				GCC_VERSION = "";
				GCC_WARN_ABOUT_RETURN_TYPE = YES;
				GCC_WARN_UNUSED_VARIABLE = YES;
				HEADER_SEARCH_PATHS = (
					../three20/Build/Products/three20,
					"$(BUILT_PRODUCTS_DIR)/../three20",
					"$(BUILT_PRODUCTS_DIR)/../../three20",
					"$(SOURCE_ROOT)/three20/Build/Products/three20",
				);
				IPHONEOS_DEPLOYMENT_TARGET = 4.3;
				OTHER_CFLAGS = "-DNS_BLOCK_ASSERTIONS=1";
				OTHER_LDFLAGS = "-ObjC";
				"PROVISIONING_PROFILE[sdk=iphoneos*]" = "8247AC04-0A22-4EAE-A315-5815DC12F326";
				SDKROOT = iphoneos;
			};
			name = Release;
		};
		93835A521406D4E800E04592 /* Debug */ = {
			isa = XCBuildConfiguration;
			buildSettings = {
				ALWAYS_SEARCH_USER_PATHS = NO;
				COPY_PHASE_STRIP = NO;
				GCC_DYNAMIC_NO_PIC = NO;
				GCC_PRECOMPILE_PREFIX_HEADER = YES;
				GCC_PREFIX_HEADER = "StarWorld/StarWorld-Prefix.pch";
				GCC_VERSION = com.apple.compilers.llvm.clang.1_0;
				INFOPLIST_FILE = "StarWorld/StarWorld-Info.plist";
				LIBRARY_SEARCH_PATHS = (
					"$(inherited)",
					"\"$(SRCROOT)\"",
				);
				PRODUCT_NAME = "$(TARGET_NAME)";
				WRAPPER_EXTENSION = app;
			};
			name = Debug;
		};
		93835A531406D4E800E04592 /* Release */ = {
			isa = XCBuildConfiguration;
			buildSettings = {
				ALWAYS_SEARCH_USER_PATHS = NO;
				COPY_PHASE_STRIP = YES;
				GCC_PRECOMPILE_PREFIX_HEADER = YES;
				GCC_PREFIX_HEADER = "StarWorld/StarWorld-Prefix.pch";
				GCC_VERSION = com.apple.compilers.llvm.clang.1_0;
				INFOPLIST_FILE = "StarWorld/StarWorld-Info.plist";
				LIBRARY_SEARCH_PATHS = (
					"$(inherited)",
					"\"$(SRCROOT)\"",
				);
				PRODUCT_NAME = "$(TARGET_NAME)";
				VALIDATE_PRODUCT = YES;
				WRAPPER_EXTENSION = app;
			};
			name = Release;
		};
		93835A551406D4E800E04592 /* Debug */ = {
			isa = XCBuildConfiguration;
			buildSettings = {
				ALWAYS_SEARCH_USER_PATHS = NO;
				BUNDLE_LOADER = "$(BUILT_PRODUCTS_DIR)/StarWorld.app/StarWorld";
				FRAMEWORK_SEARCH_PATHS = (
					"$(SDKROOT)/Developer/Library/Frameworks",
					"$(DEVELOPER_LIBRARY_DIR)/Frameworks",
				);
				GCC_PRECOMPILE_PREFIX_HEADER = YES;
				GCC_PREFIX_HEADER = "StarWorldTests/StarWorldTests-Prefix.pch";
				GCC_VERSION = com.apple.compilers.llvm.clang.1_0;
				INFOPLIST_FILE = "StarWorldTests/StarWorldTests-Info.plist";
				OTHER_LDFLAGS = (
					"-framework",
					SenTestingKit,
				);
				PRODUCT_NAME = "$(TARGET_NAME)";
				TEST_HOST = "$(BUNDLE_LOADER)";
				WRAPPER_EXTENSION = octest;
			};
			name = Debug;
		};
		93835A561406D4E800E04592 /* Release */ = {
			isa = XCBuildConfiguration;
			buildSettings = {
				ALWAYS_SEARCH_USER_PATHS = NO;
				BUNDLE_LOADER = "$(BUILT_PRODUCTS_DIR)/StarWorld.app/StarWorld";
				FRAMEWORK_SEARCH_PATHS = (
					"$(SDKROOT)/Developer/Library/Frameworks",
					"$(DEVELOPER_LIBRARY_DIR)/Frameworks",
				);
				GCC_PRECOMPILE_PREFIX_HEADER = YES;
				GCC_PREFIX_HEADER = "StarWorldTests/StarWorldTests-Prefix.pch";
				GCC_VERSION = com.apple.compilers.llvm.clang.1_0;
				INFOPLIST_FILE = "StarWorldTests/StarWorldTests-Info.plist";
				OTHER_LDFLAGS = (
					"-framework",
					SenTestingKit,
				);
				PRODUCT_NAME = "$(TARGET_NAME)";
				TEST_HOST = "$(BUNDLE_LOADER)";
				WRAPPER_EXTENSION = octest;
			};
			name = Release;
		};
/* End XCBuildConfiguration section */

/* Begin XCConfigurationList section */
		93835A1A1406D4E700E04592 /* Build configuration list for PBXProject "StarWorld" */ = {
			isa = XCConfigurationList;
			buildConfigurations = (
				93835A4F1406D4E800E04592 /* Debug */,
				93835A501406D4E800E04592 /* Release */,
			);
			defaultConfigurationIsVisible = 0;
			defaultConfigurationName = Release;
		};
		93835A511406D4E800E04592 /* Build configuration list for PBXNativeTarget "StarWorld" */ = {
			isa = XCConfigurationList;
			buildConfigurations = (
				93835A521406D4E800E04592 /* Debug */,
				93835A531406D4E800E04592 /* Release */,
			);
			defaultConfigurationIsVisible = 0;
			defaultConfigurationName = Release;
		};
		93835A541406D4E800E04592 /* Build configuration list for PBXNativeTarget "StarWorldTests" */ = {
			isa = XCConfigurationList;
			buildConfigurations = (
				93835A551406D4E800E04592 /* Debug */,
				93835A561406D4E800E04592 /* Release */,
			);
			defaultConfigurationIsVisible = 0;
			defaultConfigurationName = Release;
		};
/* End XCConfigurationList section */
	};
	rootObject = 93835A171406D4E700E04592 /* Project object */;
}
